// !$*UTF8*$!
{
	archiveVersion = 1;
	classes = {
	};
	objectVersion = 52;
	objects = {

/* Begin PBXBuildFile section */
		AA2F31772759F3F900855861 /* NotificationAPI.swift in Sources */ = {isa = PBXBuildFile; fileRef = AA2F31762759F3F900855861 /* NotificationAPI.swift */; };
		AA2F31792759F53F00855861 /* NotificationConfig.swift in Sources */ = {isa = PBXBuildFile; fileRef = AA2F31782759F53F00855861 /* NotificationConfig.swift */; };
		AA2F317B2759F5E200855861 /* NotificationService.swift in Sources */ = {isa = PBXBuildFile; fileRef = AA2F317A2759F5E200855861 /* NotificationService.swift */; };
		AA2F317E2759F7E800855861 /* NotificationViewModel.swift in Sources */ = {isa = PBXBuildFile; fileRef = AA2F317D2759F7E800855861 /* NotificationViewModel.swift */; };
		AA2F3181275AA17D00855861 /* MoyaLoggingPlugin.swift in Sources */ = {isa = PBXBuildFile; fileRef = AA2F3180275AA17D00855861 /* MoyaLoggingPlugin.swift */; };
		AA2F3183275AC84700855861 /* CameraRequestManager.swift in Sources */ = {isa = PBXBuildFile; fileRef = AA2F3182275AC84700855861 /* CameraRequestManager.swift */; };
		AA2F3185275AD61800855861 /* PhotoRequestModel.swift in Sources */ = {isa = PBXBuildFile; fileRef = AA2F3184275AD61800855861 /* PhotoRequestModel.swift */; };
		AA2F3188275AD68900855861 /* CameraAPI.swift in Sources */ = {isa = PBXBuildFile; fileRef = AA2F3187275AD68900855861 /* CameraAPI.swift */; };
		AA2F318A275ADB6400855861 /* CameraService.swift in Sources */ = {isa = PBXBuildFile; fileRef = AA2F3189275ADB6400855861 /* CameraService.swift */; };
		AA2F318E275ADBDD00855861 /* DefaultCameraRepository.swift in Sources */ = {isa = PBXBuildFile; fileRef = AA2F318D275ADBDD00855861 /* DefaultCameraRepository.swift */; };
		AA2F3190275ADC3500855861 /* CameraUseCase.swift in Sources */ = {isa = PBXBuildFile; fileRef = AA2F318F275ADC3500855861 /* CameraUseCase.swift */; };
		AA2F3192275B413100855861 /* AlbumSelectionViewModel.swift in Sources */ = {isa = PBXBuildFile; fileRef = AA2F3191275B413100855861 /* AlbumSelectionViewModel.swift */; };
		AA4033D3274C36FC009C4A7E /* AlbumCreationViewController.swift in Sources */ = {isa = PBXBuildFile; fileRef = AA4033D2274C36FC009C4A7E /* AlbumCreationViewController.swift */; };
		AA4EFD2127623F38005017FC /* SelectedView.swift in Sources */ = {isa = PBXBuildFile; fileRef = AA4EFD2027623F38005017FC /* SelectedView.swift */; };
		AA4EFD2327623F3F005017FC /* NBSegmentedControl.swift in Sources */ = {isa = PBXBuildFile; fileRef = AA4EFD2227623F3F005017FC /* NBSegmentedControl.swift */; };
		AA4EFD2727623F6F005017FC /* NBBasicButton.swift in Sources */ = {isa = PBXBuildFile; fileRef = AA4EFD2627623F6F005017FC /* NBBasicButton.swift */; };
		AA4EFD2927623F75005017FC /* NBSegmentedButton.swift in Sources */ = {isa = PBXBuildFile; fileRef = AA4EFD2827623F75005017FC /* NBSegmentedButton.swift */; };
		AA5B85CF2716D068002276C3 /* CameraViewController.swift in Sources */ = {isa = PBXBuildFile; fileRef = AA5B85CE2716D068002276C3 /* CameraViewController.swift */; };
		AA5B85D22716D4D8002276C3 /* UIView+addSubviews.swift in Sources */ = {isa = PBXBuildFile; fileRef = AA5B85D12716D4D8002276C3 /* UIView+addSubviews.swift */; };
		AA5B85D42716F1A1002276C3 /* UIView+makeRounded.swift in Sources */ = {isa = PBXBuildFile; fileRef = AA5B85D32716F1A1002276C3 /* UIView+makeRounded.swift */; };
		AA5B85D62716F4FF002276C3 /* Color.xcassets in Resources */ = {isa = PBXBuildFile; fileRef = AA5B85D52716F4FF002276C3 /* Color.xcassets */; };
		AA5B85DB271700D5002276C3 /* Constant.swift in Sources */ = {isa = PBXBuildFile; fileRef = AA5B85DA271700D5002276C3 /* Constant.swift */; };
		AA5B85DD271700E6002276C3 /* Size.swift in Sources */ = {isa = PBXBuildFile; fileRef = AA5B85DC271700E6002276C3 /* Size.swift */; };
		AA5B85DF27170F27002276C3 /* UINavigationController+Extensions.swift in Sources */ = {isa = PBXBuildFile; fileRef = AA5B85DE27170F27002276C3 /* UINavigationController+Extensions.swift */; };
		AA5B85E127171072002276C3 /* HomeViewController.swift in Sources */ = {isa = PBXBuildFile; fileRef = AA5B85E027171072002276C3 /* HomeViewController.swift */; };
		AA7366512746BD53002B726D /* DateViewModel.swift in Sources */ = {isa = PBXBuildFile; fileRef = AA7366502746BD53002B726D /* DateViewModel.swift */; };
		AA73665327485C3D002B726D /* String+2DigitFormat.swift in Sources */ = {isa = PBXBuildFile; fileRef = AA73665227485C3D002B726D /* String+2DigitFormat.swift */; };
		AA73AFAA274FBA0500FD7C70 /* ProfileUseCase.swift in Sources */ = {isa = PBXBuildFile; fileRef = AA73AFA9274FBA0500FD7C70 /* ProfileUseCase.swift */; };
		AA73AFB0274FE31B00FD7C70 /* MyPageService.swift in Sources */ = {isa = PBXBuildFile; fileRef = AA73AFAF274FE31B00FD7C70 /* MyPageService.swift */; };
		AA73AFB2274FE32700FD7C70 /* MyPageAPI.swift in Sources */ = {isa = PBXBuildFile; fileRef = AA73AFB1274FE32700FD7C70 /* MyPageAPI.swift */; };
		AA73AFB7274FF78000FD7C70 /* HTTPMethodURL.swift in Sources */ = {isa = PBXBuildFile; fileRef = AA73AFB6274FF78000FD7C70 /* HTTPMethodURL.swift */; };
		AA73AFB9274FF8AC00FD7C70 /* BaseTargetType.swift in Sources */ = {isa = PBXBuildFile; fileRef = AA73AFB8274FF8AC00FD7C70 /* BaseTargetType.swift */; };
		AA73AFBD274FF9A000FD7C70 /* Moya in Frameworks */ = {isa = PBXBuildFile; productRef = AA73AFBC274FF9A000FD7C70 /* Moya */; };
		AA73AFC027502BB200FD7C70 /* ProfileRequestModel.swift in Sources */ = {isa = PBXBuildFile; fileRef = AA73AFBF27502BB200FD7C70 /* ProfileRequestModel.swift */; };
		AA73AFC627518B8900FD7C70 /* MultiMoyaProvider.swift in Sources */ = {isa = PBXBuildFile; fileRef = AA73AFC527518B8900FD7C70 /* MultiMoyaProvider.swift */; };
		AA74A0DA27495E2300FA6678 /* ProfileViewController.swift in Sources */ = {isa = PBXBuildFile; fileRef = AA74A0D927495E2300FA6678 /* ProfileViewController.swift */; };
		AA74A0DC274962F400FA6678 /* ProfileTableViewCell.swift in Sources */ = {isa = PBXBuildFile; fileRef = AA74A0DB274962F400FA6678 /* ProfileTableViewCell.swift */; };
		AA74A0DE27496F8E00FA6678 /* UITableView+Generic.swift in Sources */ = {isa = PBXBuildFile; fileRef = AA74A0DD27496F8E00FA6678 /* UITableView+Generic.swift */; };
		AA74A0E1274971BF00FA6678 /* ProfileDataType.swift in Sources */ = {isa = PBXBuildFile; fileRef = AA74A0E0274971BF00FA6678 /* ProfileDataType.swift */; };
		AA74A0E327497E0000FA6678 /* ProfileViewModel.swift in Sources */ = {isa = PBXBuildFile; fileRef = AA74A0E227497E0000FA6678 /* ProfileViewModel.swift */; };
		AA74A0E5274985F200FA6678 /* Rx+ViewWillAppear.swift in Sources */ = {isa = PBXBuildFile; fileRef = AA74A0E4274985F200FA6678 /* Rx+ViewWillAppear.swift */; };
		AA74A0E9274993CF00FA6678 /* DefaultPreferenceRepository.swift in Sources */ = {isa = PBXBuildFile; fileRef = AA74A0E8274993CF00FA6678 /* DefaultPreferenceRepository.swift */; };
		AA74A0EE2749960300FA6678 /* UserInfo.swift in Sources */ = {isa = PBXBuildFile; fileRef = AA74A0ED2749960300FA6678 /* UserInfo.swift */; };
		AA74A0F2274A664D00FA6678 /* UITextField+attributedPlaceholder.swift in Sources */ = {isa = PBXBuildFile; fileRef = AA74A0F1274A664D00FA6678 /* UITextField+attributedPlaceholder.swift */; };
		AA74A0F4274A696E00FA6678 /* NotificationViewController.swift in Sources */ = {isa = PBXBuildFile; fileRef = AA74A0F3274A696E00FA6678 /* NotificationViewController.swift */; };
		AA74A0F6274A6EDB00FA6678 /* NBDayButton.swift in Sources */ = {isa = PBXBuildFile; fileRef = AA74A0F5274A6EDB00FA6678 /* NBDayButton.swift */; };
		AA74A0F8274AAB0E00FA6678 /* NBPrimaryButton.swift in Sources */ = {isa = PBXBuildFile; fileRef = AA74A0F7274AAB0E00FA6678 /* NBPrimaryButton.swift */; };
		AA74A0FB274AD5F100FA6678 /* Kingfisher in Frameworks */ = {isa = PBXBuildFile; productRef = AA74A0FA274AD5F100FA6678 /* Kingfisher */; };
		AA74A0FD274AD66300FA6678 /* UIImageView+setImage.swift in Sources */ = {isa = PBXBuildFile; fileRef = AA74A0FC274AD66300FA6678 /* UIImageView+setImage.swift */; };
		AA7E0A3626FB0A6100106DC2 /* AppDelegate.swift in Sources */ = {isa = PBXBuildFile; fileRef = AA7E0A3526FB0A6100106DC2 /* AppDelegate.swift */; };
		AA7E0A3826FB0A6100106DC2 /* SceneDelegate.swift in Sources */ = {isa = PBXBuildFile; fileRef = AA7E0A3726FB0A6100106DC2 /* SceneDelegate.swift */; };
		AA7E0A4026FB0A6100106DC2 /* Noonbody.xcdatamodeld in Sources */ = {isa = PBXBuildFile; fileRef = AA7E0A3E26FB0A6100106DC2 /* Noonbody.xcdatamodeld */; };
		AA7E0A4226FB0A6200106DC2 /* Assets.xcassets in Resources */ = {isa = PBXBuildFile; fileRef = AA7E0A4126FB0A6200106DC2 /* Assets.xcassets */; };
		AA7E0A5826FB0BA600106DC2 /* ViewSample.swift in Sources */ = {isa = PBXBuildFile; fileRef = AA7E0A5726FB0BA600106DC2 /* ViewSample.swift */; };
		AA7E0A8826FB126C00106DC2 /* SnapKit in Frameworks */ = {isa = PBXBuildFile; productRef = AA7E0A8726FB126C00106DC2 /* SnapKit */; };
		AA7E0A8B26FB128100106DC2 /* Then in Frameworks */ = {isa = PBXBuildFile; productRef = AA7E0A8A26FB128100106DC2 /* Then */; };
		AA7E0A8E26FB12B100106DC2 /* RxCocoa in Frameworks */ = {isa = PBXBuildFile; productRef = AA7E0A8D26FB12B100106DC2 /* RxCocoa */; };
		AA7E0A9026FB12B100106DC2 /* RxSwift in Frameworks */ = {isa = PBXBuildFile; productRef = AA7E0A8F26FB12B100106DC2 /* RxSwift */; };
		AA7E0A9426FB135300106DC2 /* .swiftlint.yml in Resources */ = {isa = PBXBuildFile; fileRef = AA7E0A9326FB135300106DC2 /* .swiftlint.yml */; };
		AA95910F27442999007772BD /* PopUpViewController.swift in Sources */ = {isa = PBXBuildFile; fileRef = AA95910E27442999007772BD /* PopUpViewController.swift */; };
		AA9591122744339D007772BD /* NBTextField.swift in Sources */ = {isa = PBXBuildFile; fileRef = AA9591112744339D007772BD /* NBTextField.swift */; };
		AA959114274435DD007772BD /* UITextField+addLeftPadding.swift in Sources */ = {isa = PBXBuildFile; fileRef = AA959113274435DD007772BD /* UITextField+addLeftPadding.swift */; };
		AA959116274436A4007772BD /* UIView+addShadow.swift in Sources */ = {isa = PBXBuildFile; fileRef = AA959115274436A4007772BD /* UIView+addShadow.swift */; };
		AA95911827443FB9007772BD /* UIViewController+hideKeyboard.swift in Sources */ = {isa = PBXBuildFile; fileRef = AA95911727443FB9007772BD /* UIViewController+hideKeyboard.swift */; };
		AA95911D27444F4F007772BD /* PopUpActionDelegate.swift in Sources */ = {isa = PBXBuildFile; fileRef = AA95911C27444F4F007772BD /* PopUpActionDelegate.swift */; };
		AA95911F27445CD0007772BD /* className.swift in Sources */ = {isa = PBXBuildFile; fileRef = AA95911E27445CD0007772BD /* className.swift */; };
		AA9591212744EDDC007772BD /* UICollectionView+Generic.swift in Sources */ = {isa = PBXBuildFile; fileRef = AA9591202744EDDC007772BD /* UICollectionView+Generic.swift */; };
		AA95912327458F92007772BD /* UIVIew+renderToImageView.swift in Sources */ = {isa = PBXBuildFile; fileRef = AA95912227458F92007772BD /* UIVIew+renderToImageView.swift */; };
		AA9A41472715EC2C002BBE15 /* Camera.swift in Sources */ = {isa = PBXBuildFile; fileRef = AA9A41462715EC2C002BBE15 /* Camera.swift */; };
		AAA9A5262757FEF400FE92DB /* CreateAlbumRequestModel.swift in Sources */ = {isa = PBXBuildFile; fileRef = AAA9A5252757FEF400FE92DB /* CreateAlbumRequestModel.swift */; };
		AAA9A5292757FFB400FE92DB /* CreateAlbumService.swift in Sources */ = {isa = PBXBuildFile; fileRef = AAA9A5282757FFB400FE92DB /* CreateAlbumService.swift */; };
		AAA9A52B275800D600FE92DB /* CreateAlbumAPI.swift in Sources */ = {isa = PBXBuildFile; fileRef = AAA9A52A275800D600FE92DB /* CreateAlbumAPI.swift */; };
		AAA9A52D2758040B00FE92DB /* AlbumUseCase.swift in Sources */ = {isa = PBXBuildFile; fileRef = AAA9A52C2758040B00FE92DB /* AlbumUseCase.swift */; };
		AAA9A52F2758041A00FE92DB /* DefaultAlbumRepositry.swift in Sources */ = {isa = PBXBuildFile; fileRef = AAA9A52E2758041A00FE92DB /* DefaultAlbumRepositry.swift */; };
		AAA9A531275808B500FE92DB /* AlbumCreationViewModel.swift in Sources */ = {isa = PBXBuildFile; fileRef = AAA9A530275808B500FE92DB /* AlbumCreationViewModel.swift */; };
		AABD83792784CC54004E8BF8 /* PreferenceRepository.swift in Sources */ = {isa = PBXBuildFile; fileRef = AABD83782784CC54004E8BF8 /* PreferenceRepository.swift */; };
		AABD837B2784CC75004E8BF8 /* AlbumRepository.swift in Sources */ = {isa = PBXBuildFile; fileRef = AABD837A2784CC75004E8BF8 /* AlbumRepository.swift */; };
		AABD837D2784CCAC004E8BF8 /* PanoramaRepository.swift in Sources */ = {isa = PBXBuildFile; fileRef = AABD837C2784CCAC004E8BF8 /* PanoramaRepository.swift */; };
		AABD837F2784CD36004E8BF8 /* CameraRepository.swift in Sources */ = {isa = PBXBuildFile; fileRef = AABD837E2784CD36004E8BF8 /* CameraRepository.swift */; };
		AABD8389278635EC004E8BF8 /* UserDefault.swift in Sources */ = {isa = PBXBuildFile; fileRef = AABD8388278635EC004E8BF8 /* UserDefault.swift */; };
		AABD838B2786385C004E8BF8 /* UserManager.swift in Sources */ = {isa = PBXBuildFile; fileRef = AABD838A2786385C004E8BF8 /* UserManager.swift */; };
		AABD838D27863887004E8BF8 /* UserDefaultKey.swift in Sources */ = {isa = PBXBuildFile; fileRef = AABD838C27863887004E8BF8 /* UserDefaultKey.swift */; };
		AABEA2DD273C4A3300A06A8C /* Gilroy-Light.ttf in Resources */ = {isa = PBXBuildFile; fileRef = AABEA2D7273C4A3300A06A8C /* Gilroy-Light.ttf */; };
		AABEA2DE273C4A3300A06A8C /* Pretendard-Bold.ttf in Resources */ = {isa = PBXBuildFile; fileRef = AABEA2D8273C4A3300A06A8C /* Pretendard-Bold.ttf */; };
		AABEA2DF273C4A3300A06A8C /* Pretendard-SemiBold.ttf in Resources */ = {isa = PBXBuildFile; fileRef = AABEA2D9273C4A3300A06A8C /* Pretendard-SemiBold.ttf */; };
		AABEA2E0273C4A3300A06A8C /* Pretendard-Regular.ttf in Resources */ = {isa = PBXBuildFile; fileRef = AABEA2DA273C4A3300A06A8C /* Pretendard-Regular.ttf */; };
		AABEA2E1273C4A3300A06A8C /* Gilroy-Regular.ttf in Resources */ = {isa = PBXBuildFile; fileRef = AABEA2DB273C4A3300A06A8C /* Gilroy-Regular.ttf */; };
		AABEA2E3273C4AAD00A06A8C /* Gilroy-Bold.ttf in Resources */ = {isa = PBXBuildFile; fileRef = AABEA2E2273C4AAD00A06A8C /* Gilroy-Bold.ttf */; };
		AABEA2E5273C578E00A06A8C /* Album.swift in Sources */ = {isa = PBXBuildFile; fileRef = AABEA2E4273C578E00A06A8C /* Album.swift */; };
		AABEA2E7273C585C00A06A8C /* AlbumViewModel.swift in Sources */ = {isa = PBXBuildFile; fileRef = AABEA2E6273C585C00A06A8C /* AlbumViewModel.swift */; };
		AAC7ACA32729DFC700B2BE1E /* BaseViewController.swift in Sources */ = {isa = PBXBuildFile; fileRef = AAC7ACA22729DFC700B2BE1E /* BaseViewController.swift */; };
		AAC7ACA72729E91400B2BE1E /* CameraViewModel.swift in Sources */ = {isa = PBXBuildFile; fileRef = AAC7ACA62729E91400B2BE1E /* CameraViewModel.swift */; };
		AAC7ACB22729F2B100B2BE1E /* Fonts.swift in Sources */ = {isa = PBXBuildFile; fileRef = AAC7ACB12729F2B100B2BE1E /* Fonts.swift */; };
		AAC7ACB8272D5C0800B2BE1E /* UIDevice+hasNotch.swift in Sources */ = {isa = PBXBuildFile; fileRef = AAC7ACB7272D5C0800B2BE1E /* UIDevice+hasNotch.swift */; };
		AAC7ACBC272D7AEC00B2BE1E /* PoseCollectionViewCell.swift in Sources */ = {isa = PBXBuildFile; fileRef = AAC7ACBB272D7AEC00B2BE1E /* PoseCollectionViewCell.swift */; };
		AAC7ACC0272D7E0400B2BE1E /* Pose.swift in Sources */ = {isa = PBXBuildFile; fileRef = AAC7ACBF272D7E0400B2BE1E /* Pose.swift */; };
		AAC7ACE5272DC28100B2BE1E /* RxGesture in Frameworks */ = {isa = PBXBuildFile; productRef = AAC7ACE4272DC28100B2BE1E /* RxGesture */; };
		AAC7ACEF2733DF3200B2BE1E /* CameraOutputViewController.swift in Sources */ = {isa = PBXBuildFile; fileRef = AAC7ACEE2733DF3200B2BE1E /* CameraOutputViewController.swift */; };
		AAC7ACF92734056700B2BE1E /* UIStackView+addArrangedSubviews.swift in Sources */ = {isa = PBXBuildFile; fileRef = AAC7ACF82734056700B2BE1E /* UIStackView+addArrangedSubviews.swift */; };
		AAC7AD182735A11C00B2BE1E /* AppDate.swift in Sources */ = {isa = PBXBuildFile; fileRef = AAC7AD172735A11B00B2BE1E /* AppDate.swift */; };
		AAC7AD242737B6CB00B2BE1E /* AlbumSelectionViewController.swift in Sources */ = {isa = PBXBuildFile; fileRef = AAC7AD232737B6CB00B2BE1E /* AlbumSelectionViewController.swift */; };
		AAC7AD262737B84400B2BE1E /* AlbumCollectionViewCell.swift in Sources */ = {isa = PBXBuildFile; fileRef = AAC7AD252737B84400B2BE1E /* AlbumCollectionViewCell.swift */; };
		AAE2FA72276288D800FA2C5C /* TextWithIconView.swift in Sources */ = {isa = PBXBuildFile; fileRef = AAE2FA71276288D800FA2C5C /* TextWithIconView.swift */; };
		AAE2FA74276288E600FA2C5C /* NBDatePicker.swift in Sources */ = {isa = PBXBuildFile; fileRef = AAE2FA73276288E600FA2C5C /* NBDatePicker.swift */; };
		AAE2FA76276288FE00FA2C5C /* GuideView.swift in Sources */ = {isa = PBXBuildFile; fileRef = AAE2FA75276288FE00FA2C5C /* GuideView.swift */; };
		AAE2FA782762892D00FA2C5C /* CustomSwitch.swift in Sources */ = {isa = PBXBuildFile; fileRef = AAE2FA772762892D00FA2C5C /* CustomSwitch.swift */; };
		AAE2FA7A2762895100FA2C5C /* BottomSheetView.swift in Sources */ = {isa = PBXBuildFile; fileRef = AAE2FA792762895100FA2C5C /* BottomSheetView.swift */; };
		AAE2FA7D27628A3E00FA2C5C /* ToastView.swift in Sources */ = {isa = PBXBuildFile; fileRef = AAE2FA7C27628A3E00FA2C5C /* ToastView.swift */; };
		AAE2FA7F27628A5E00FA2C5C /* UIViewController+ToastView.swift in Sources */ = {isa = PBXBuildFile; fileRef = AAE2FA7E27628A5E00FA2C5C /* UIViewController+ToastView.swift */; };
		AAE2FA862763F51300FA2C5C /* FirebaseAnalytics in Frameworks */ = {isa = PBXBuildFile; productRef = AAE2FA852763F51300FA2C5C /* FirebaseAnalytics */; };
		AAE2FA882763F51300FA2C5C /* FirebaseMessaging in Frameworks */ = {isa = PBXBuildFile; productRef = AAE2FA872763F51300FA2C5C /* FirebaseMessaging */; };
		AAE2FA962764041800FA2C5C /* LaunchScreenViewController.swift in Sources */ = {isa = PBXBuildFile; fileRef = AAE2FA952764041800FA2C5C /* LaunchScreenViewController.swift */; };
		AAE2FA982764078900FA2C5C /* LaunchScreen.storyboard in Resources */ = {isa = PBXBuildFile; fileRef = AAE2FA972764078900FA2C5C /* LaunchScreen.storyboard */; };
		AAE2FA9D27640ADC00FA2C5C /* LaunchService.swift in Sources */ = {isa = PBXBuildFile; fileRef = AAE2FA9C27640ADC00FA2C5C /* LaunchService.swift */; };
		AAE2FA9F27640C5200FA2C5C /* AuthAPI.swift in Sources */ = {isa = PBXBuildFile; fileRef = AAE2FA9E27640C5200FA2C5C /* AuthAPI.swift */; };
		AAE2FAA127640C5B00FA2C5C /* AuthService.swift in Sources */ = {isa = PBXBuildFile; fileRef = AAE2FAA027640C5B00FA2C5C /* AuthService.swift */; };
		AAE2FAA327640C9200FA2C5C /* SignUpRequestModel.swift in Sources */ = {isa = PBXBuildFile; fileRef = AAE2FAA227640C9200FA2C5C /* SignUpRequestModel.swift */; };
		AAE2FAA5276410B300FA2C5C /* SignInRequestModel.swift in Sources */ = {isa = PBXBuildFile; fileRef = AAE2FAA4276410B300FA2C5C /* SignInRequestModel.swift */; };
		AAE2FAAC276411E900FA2C5C /* SignInResponse.swift in Sources */ = {isa = PBXBuildFile; fileRef = AAE2FAAB276411E900FA2C5C /* SignInResponse.swift */; };
		AAE2FAB3276B4F6800FA2C5C /* UIImage+resizeImage.swift in Sources */ = {isa = PBXBuildFile; fileRef = AAE2FAB2276B4F6800FA2C5C /* UIImage+resizeImage.swift */; };
		AAE2FAB6276BA72A00FA2C5C /* UIButton+alignVertical.swift in Sources */ = {isa = PBXBuildFile; fileRef = AAE2FAB5276BA72A00FA2C5C /* UIButton+alignVertical.swift */; };
		AAE2FAB8276BA75800FA2C5C /* UIViewController+makeVibrate.swift in Sources */ = {isa = PBXBuildFile; fileRef = AAE2FAB7276BA75800FA2C5C /* UIViewController+makeVibrate.swift */; };
		AAE2FABB276CC10300FA2C5C /* ListCollectionViewCell.swift in Sources */ = {isa = PBXBuildFile; fileRef = AAE2FABA276CC10300FA2C5C /* ListCollectionViewCell.swift */; };
		AAE2FAE92774F9A600FA2C5C /* GoogleService-Info.plist in Resources */ = {isa = PBXBuildFile; fileRef = AAE2FAE82774F9A600FA2C5C /* GoogleService-Info.plist */; };
		AAF2D42527240CC00029219D /* swiftgen.yml in Resources */ = {isa = PBXBuildFile; fileRef = AAF2D42427240CC00029219D /* swiftgen.yml */; };
		AAF2D42727240E4C0029219D /* Assets+Generated.swift in Sources */ = {isa = PBXBuildFile; fileRef = AAF2D42627240E4C0029219D /* Assets+Generated.swift */; };
		AAF2D4292724137E0029219D /* Image.xcassets in Resources */ = {isa = PBXBuildFile; fileRef = AAF2D4282724137E0029219D /* Image.xcassets */; };
		FC23AC10275A038B0067EEF7 /* AlbumService.swift in Sources */ = {isa = PBXBuildFile; fileRef = FC23AC0F275A038B0067EEF7 /* AlbumService.swift */; };
		FC23AC12275A03A30067EEF7 /* AlbumAPI.swift in Sources */ = {isa = PBXBuildFile; fileRef = FC23AC11275A03A30067EEF7 /* AlbumAPI.swift */; };
		FC87D7CD2746E80B003EEB9B /* CameraCollectionViewCell.swift in Sources */ = {isa = PBXBuildFile; fileRef = FC87D7CC2746E80B003EEB9B /* CameraCollectionViewCell.swift */; };
		FC9A7268272D267100DD9B35 /* PanoramaViewController.swift in Sources */ = {isa = PBXBuildFile; fileRef = FC9A7267272D267100DD9B35 /* PanoramaViewController.swift */; };
		FC9E3B692730E8AD00FBFDBF /* PanoramaViewModel.swift in Sources */ = {isa = PBXBuildFile; fileRef = FC9E3B682730E8AD00FBFDBF /* PanoramaViewModel.swift */; };
		FCA92EE92731C9360070CA2A /* BottomCollectionViewCell.swift in Sources */ = {isa = PBXBuildFile; fileRef = FCA92EE82731C9360070CA2A /* BottomCollectionViewCell.swift */; };
		FCAE821127832D3B007A729D /* PanoramaUseCase.swift in Sources */ = {isa = PBXBuildFile; fileRef = FCAE820E27832D3B007A729D /* PanoramaUseCase.swift */; };
		FCAE821227832D3B007A729D /* DefaultPanoramaRepository.swift in Sources */ = {isa = PBXBuildFile; fileRef = FCAE821027832D3B007A729D /* DefaultPanoramaRepository.swift */; };
		FCAE821627832D6F007A729D /* PanoramaService.swift in Sources */ = {isa = PBXBuildFile; fileRef = FCAE821427832D6F007A729D /* PanoramaService.swift */; };
		FCAE821727832D6F007A729D /* PanoramaAPI.swift in Sources */ = {isa = PBXBuildFile; fileRef = FCAE821527832D6F007A729D /* PanoramaAPI.swift */; };
		FCC478E627491C2B00963504 /* UINavigationItem+Extensions.swift in Sources */ = {isa = PBXBuildFile; fileRef = FCC478E527491C2B00963504 /* UINavigationItem+Extensions.swift */; };
		FCCCB71E273BCCC300F57A5E /* TopCollectionViewCell.swift in Sources */ = {isa = PBXBuildFile; fileRef = FCCCB71D273BCCC300F57A5E /* TopCollectionViewCell.swift */; };
		FCCE684B276C884A00E72F57 /* AlbumEmptyView.swift in Sources */ = {isa = PBXBuildFile; fileRef = FCCE684A276C884A00E72F57 /* AlbumEmptyView.swift */; };
		FCF8C9E2274B9792004263FF /* PanoramaViewController+Extensions.swift in Sources */ = {isa = PBXBuildFile; fileRef = FCF8C9E1274B9792004263FF /* PanoramaViewController+Extensions.swift */; };
/* End PBXBuildFile section */

/* Begin PBXBuildRule section */
		AA7E0A9126FB12F400106DC2 /* PBXBuildRule */ = {
			isa = PBXBuildRule;
			compilerSpec = com.apple.compilers.proxy.script;
			fileType = pattern.proxy;
			inputFiles = (
			);
			isEditable = 1;
			outputFiles = (
			);
			script = "# Type a script or drag a script file from your workspace to insert its path.\n";
		};
/* End PBXBuildRule section */

/* Begin PBXFileReference section */
		AA2F31762759F3F900855861 /* NotificationAPI.swift */ = {isa = PBXFileReference; lastKnownFileType = sourcecode.swift; path = NotificationAPI.swift; sourceTree = "<group>"; };
		AA2F31782759F53F00855861 /* NotificationConfig.swift */ = {isa = PBXFileReference; lastKnownFileType = sourcecode.swift; path = NotificationConfig.swift; sourceTree = "<group>"; };
		AA2F317A2759F5E200855861 /* NotificationService.swift */ = {isa = PBXFileReference; lastKnownFileType = sourcecode.swift; path = NotificationService.swift; sourceTree = "<group>"; };
		AA2F317D2759F7E800855861 /* NotificationViewModel.swift */ = {isa = PBXFileReference; lastKnownFileType = sourcecode.swift; path = NotificationViewModel.swift; sourceTree = "<group>"; };
		AA2F3180275AA17D00855861 /* MoyaLoggingPlugin.swift */ = {isa = PBXFileReference; lastKnownFileType = sourcecode.swift; path = MoyaLoggingPlugin.swift; sourceTree = "<group>"; };
		AA2F3182275AC84700855861 /* CameraRequestManager.swift */ = {isa = PBXFileReference; lastKnownFileType = sourcecode.swift; path = CameraRequestManager.swift; sourceTree = "<group>"; };
		AA2F3184275AD61800855861 /* PhotoRequestModel.swift */ = {isa = PBXFileReference; lastKnownFileType = sourcecode.swift; path = PhotoRequestModel.swift; sourceTree = "<group>"; };
		AA2F3187275AD68900855861 /* CameraAPI.swift */ = {isa = PBXFileReference; lastKnownFileType = sourcecode.swift; path = CameraAPI.swift; sourceTree = "<group>"; };
		AA2F3189275ADB6400855861 /* CameraService.swift */ = {isa = PBXFileReference; lastKnownFileType = sourcecode.swift; path = CameraService.swift; sourceTree = "<group>"; };
		AA2F318D275ADBDD00855861 /* DefaultCameraRepository.swift */ = {isa = PBXFileReference; lastKnownFileType = sourcecode.swift; path = DefaultCameraRepository.swift; sourceTree = "<group>"; };
		AA2F318F275ADC3500855861 /* CameraUseCase.swift */ = {isa = PBXFileReference; lastKnownFileType = sourcecode.swift; path = CameraUseCase.swift; sourceTree = "<group>"; };
		AA2F3191275B413100855861 /* AlbumSelectionViewModel.swift */ = {isa = PBXFileReference; lastKnownFileType = sourcecode.swift; path = AlbumSelectionViewModel.swift; sourceTree = "<group>"; };
		AA4033D2274C36FC009C4A7E /* AlbumCreationViewController.swift */ = {isa = PBXFileReference; lastKnownFileType = sourcecode.swift; path = AlbumCreationViewController.swift; sourceTree = "<group>"; };
		AA4EFD2027623F38005017FC /* SelectedView.swift */ = {isa = PBXFileReference; fileEncoding = 4; lastKnownFileType = sourcecode.swift; path = SelectedView.swift; sourceTree = "<group>"; };
		AA4EFD2227623F3F005017FC /* NBSegmentedControl.swift */ = {isa = PBXFileReference; fileEncoding = 4; lastKnownFileType = sourcecode.swift; path = NBSegmentedControl.swift; sourceTree = "<group>"; };
		AA4EFD2627623F6F005017FC /* NBBasicButton.swift */ = {isa = PBXFileReference; fileEncoding = 4; lastKnownFileType = sourcecode.swift; path = NBBasicButton.swift; sourceTree = "<group>"; };
		AA4EFD2827623F75005017FC /* NBSegmentedButton.swift */ = {isa = PBXFileReference; fileEncoding = 4; lastKnownFileType = sourcecode.swift; path = NBSegmentedButton.swift; sourceTree = "<group>"; };
		AA5B85CE2716D068002276C3 /* CameraViewController.swift */ = {isa = PBXFileReference; lastKnownFileType = sourcecode.swift; path = CameraViewController.swift; sourceTree = "<group>"; };
		AA5B85D12716D4D8002276C3 /* UIView+addSubviews.swift */ = {isa = PBXFileReference; lastKnownFileType = sourcecode.swift; path = "UIView+addSubviews.swift"; sourceTree = "<group>"; };
		AA5B85D32716F1A1002276C3 /* UIView+makeRounded.swift */ = {isa = PBXFileReference; lastKnownFileType = sourcecode.swift; path = "UIView+makeRounded.swift"; sourceTree = "<group>"; };
		AA5B85D52716F4FF002276C3 /* Color.xcassets */ = {isa = PBXFileReference; lastKnownFileType = folder.assetcatalog; path = Color.xcassets; sourceTree = "<group>"; };
		AA5B85DA271700D5002276C3 /* Constant.swift */ = {isa = PBXFileReference; lastKnownFileType = sourcecode.swift; path = Constant.swift; sourceTree = "<group>"; };
		AA5B85DC271700E6002276C3 /* Size.swift */ = {isa = PBXFileReference; lastKnownFileType = sourcecode.swift; path = Size.swift; sourceTree = "<group>"; };
		AA5B85DE27170F27002276C3 /* UINavigationController+Extensions.swift */ = {isa = PBXFileReference; lastKnownFileType = sourcecode.swift; path = "UINavigationController+Extensions.swift"; sourceTree = "<group>"; };
		AA5B85E027171072002276C3 /* HomeViewController.swift */ = {isa = PBXFileReference; lastKnownFileType = sourcecode.swift; path = HomeViewController.swift; sourceTree = "<group>"; };
		AA7366502746BD53002B726D /* DateViewModel.swift */ = {isa = PBXFileReference; lastKnownFileType = sourcecode.swift; path = DateViewModel.swift; sourceTree = "<group>"; };
		AA73665227485C3D002B726D /* String+2DigitFormat.swift */ = {isa = PBXFileReference; lastKnownFileType = sourcecode.swift; path = "String+2DigitFormat.swift"; sourceTree = "<group>"; };
		AA73AFA9274FBA0500FD7C70 /* ProfileUseCase.swift */ = {isa = PBXFileReference; lastKnownFileType = sourcecode.swift; path = ProfileUseCase.swift; sourceTree = "<group>"; };
		AA73AFAF274FE31B00FD7C70 /* MyPageService.swift */ = {isa = PBXFileReference; lastKnownFileType = sourcecode.swift; path = MyPageService.swift; sourceTree = "<group>"; };
		AA73AFB1274FE32700FD7C70 /* MyPageAPI.swift */ = {isa = PBXFileReference; lastKnownFileType = sourcecode.swift; path = MyPageAPI.swift; sourceTree = "<group>"; };
		AA73AFB6274FF78000FD7C70 /* HTTPMethodURL.swift */ = {isa = PBXFileReference; lastKnownFileType = sourcecode.swift; path = HTTPMethodURL.swift; sourceTree = "<group>"; };
		AA73AFB8274FF8AC00FD7C70 /* BaseTargetType.swift */ = {isa = PBXFileReference; lastKnownFileType = sourcecode.swift; path = BaseTargetType.swift; sourceTree = "<group>"; };
		AA73AFBF27502BB200FD7C70 /* ProfileRequestModel.swift */ = {isa = PBXFileReference; lastKnownFileType = sourcecode.swift; path = ProfileRequestModel.swift; sourceTree = "<group>"; };
		AA73AFC527518B8900FD7C70 /* MultiMoyaProvider.swift */ = {isa = PBXFileReference; lastKnownFileType = sourcecode.swift; path = MultiMoyaProvider.swift; sourceTree = "<group>"; };
		AA74A0D927495E2300FA6678 /* ProfileViewController.swift */ = {isa = PBXFileReference; lastKnownFileType = sourcecode.swift; path = ProfileViewController.swift; sourceTree = "<group>"; };
		AA74A0DB274962F400FA6678 /* ProfileTableViewCell.swift */ = {isa = PBXFileReference; lastKnownFileType = sourcecode.swift; path = ProfileTableViewCell.swift; sourceTree = "<group>"; };
		AA74A0DD27496F8E00FA6678 /* UITableView+Generic.swift */ = {isa = PBXFileReference; lastKnownFileType = sourcecode.swift; path = "UITableView+Generic.swift"; sourceTree = "<group>"; };
		AA74A0E0274971BF00FA6678 /* ProfileDataType.swift */ = {isa = PBXFileReference; lastKnownFileType = sourcecode.swift; path = ProfileDataType.swift; sourceTree = "<group>"; };
		AA74A0E227497E0000FA6678 /* ProfileViewModel.swift */ = {isa = PBXFileReference; lastKnownFileType = sourcecode.swift; path = ProfileViewModel.swift; sourceTree = "<group>"; };
		AA74A0E4274985F200FA6678 /* Rx+ViewWillAppear.swift */ = {isa = PBXFileReference; lastKnownFileType = sourcecode.swift; path = "Rx+ViewWillAppear.swift"; sourceTree = "<group>"; };
		AA74A0E8274993CF00FA6678 /* DefaultPreferenceRepository.swift */ = {isa = PBXFileReference; lastKnownFileType = sourcecode.swift; path = DefaultPreferenceRepository.swift; sourceTree = "<group>"; };
		AA74A0ED2749960300FA6678 /* UserInfo.swift */ = {isa = PBXFileReference; lastKnownFileType = sourcecode.swift; path = UserInfo.swift; sourceTree = "<group>"; };
		AA74A0F1274A664D00FA6678 /* UITextField+attributedPlaceholder.swift */ = {isa = PBXFileReference; lastKnownFileType = sourcecode.swift; path = "UITextField+attributedPlaceholder.swift"; sourceTree = "<group>"; };
		AA74A0F3274A696E00FA6678 /* NotificationViewController.swift */ = {isa = PBXFileReference; lastKnownFileType = sourcecode.swift; path = NotificationViewController.swift; sourceTree = "<group>"; };
		AA74A0F5274A6EDB00FA6678 /* NBDayButton.swift */ = {isa = PBXFileReference; lastKnownFileType = sourcecode.swift; path = NBDayButton.swift; sourceTree = "<group>"; };
		AA74A0F7274AAB0E00FA6678 /* NBPrimaryButton.swift */ = {isa = PBXFileReference; lastKnownFileType = sourcecode.swift; path = NBPrimaryButton.swift; sourceTree = "<group>"; };
		AA74A0FC274AD66300FA6678 /* UIImageView+setImage.swift */ = {isa = PBXFileReference; lastKnownFileType = sourcecode.swift; path = "UIImageView+setImage.swift"; sourceTree = "<group>"; };
		AA7E0A3226FB0A6100106DC2 /* Noonbody.app */ = {isa = PBXFileReference; explicitFileType = wrapper.application; includeInIndex = 0; path = Noonbody.app; sourceTree = BUILT_PRODUCTS_DIR; };
		AA7E0A3526FB0A6100106DC2 /* AppDelegate.swift */ = {isa = PBXFileReference; lastKnownFileType = sourcecode.swift; path = AppDelegate.swift; sourceTree = "<group>"; };
		AA7E0A3726FB0A6100106DC2 /* SceneDelegate.swift */ = {isa = PBXFileReference; lastKnownFileType = sourcecode.swift; path = SceneDelegate.swift; sourceTree = "<group>"; };
		AA7E0A3F26FB0A6100106DC2 /* everyBody_iOS.xcdatamodel */ = {isa = PBXFileReference; lastKnownFileType = wrapper.xcdatamodel; path = everyBody_iOS.xcdatamodel; sourceTree = "<group>"; };
		AA7E0A4126FB0A6200106DC2 /* Assets.xcassets */ = {isa = PBXFileReference; lastKnownFileType = folder.assetcatalog; path = Assets.xcassets; sourceTree = "<group>"; };
		AA7E0A4626FB0A6200106DC2 /* Info.plist */ = {isa = PBXFileReference; lastKnownFileType = text.plist.xml; path = Info.plist; sourceTree = "<group>"; };
		AA7E0A5726FB0BA600106DC2 /* ViewSample.swift */ = {isa = PBXFileReference; lastKnownFileType = sourcecode.swift; path = ViewSample.swift; sourceTree = "<group>"; };
		AA7E0A9326FB135300106DC2 /* .swiftlint.yml */ = {isa = PBXFileReference; lastKnownFileType = text.yaml; path = .swiftlint.yml; sourceTree = "<group>"; };
		AA95910E27442999007772BD /* PopUpViewController.swift */ = {isa = PBXFileReference; lastKnownFileType = sourcecode.swift; path = PopUpViewController.swift; sourceTree = "<group>"; };
		AA9591112744339D007772BD /* NBTextField.swift */ = {isa = PBXFileReference; lastKnownFileType = sourcecode.swift; path = NBTextField.swift; sourceTree = "<group>"; };
		AA959113274435DD007772BD /* UITextField+addLeftPadding.swift */ = {isa = PBXFileReference; lastKnownFileType = sourcecode.swift; path = "UITextField+addLeftPadding.swift"; sourceTree = "<group>"; };
		AA959115274436A4007772BD /* UIView+addShadow.swift */ = {isa = PBXFileReference; lastKnownFileType = sourcecode.swift; path = "UIView+addShadow.swift"; sourceTree = "<group>"; };
		AA95911727443FB9007772BD /* UIViewController+hideKeyboard.swift */ = {isa = PBXFileReference; lastKnownFileType = sourcecode.swift; path = "UIViewController+hideKeyboard.swift"; sourceTree = "<group>"; };
		AA95911C27444F4F007772BD /* PopUpActionDelegate.swift */ = {isa = PBXFileReference; lastKnownFileType = sourcecode.swift; path = PopUpActionDelegate.swift; sourceTree = "<group>"; };
		AA95911E27445CD0007772BD /* className.swift */ = {isa = PBXFileReference; lastKnownFileType = sourcecode.swift; path = className.swift; sourceTree = "<group>"; };
		AA9591202744EDDC007772BD /* UICollectionView+Generic.swift */ = {isa = PBXFileReference; lastKnownFileType = sourcecode.swift; path = "UICollectionView+Generic.swift"; sourceTree = "<group>"; };
		AA95912227458F92007772BD /* UIVIew+renderToImageView.swift */ = {isa = PBXFileReference; lastKnownFileType = sourcecode.swift; path = "UIVIew+renderToImageView.swift"; sourceTree = "<group>"; };
		AA9A41462715EC2C002BBE15 /* Camera.swift */ = {isa = PBXFileReference; lastKnownFileType = sourcecode.swift; path = Camera.swift; sourceTree = "<group>"; };
		AAA9A4F62753A71F00FE92DB /* Config.xcconfig */ = {isa = PBXFileReference; lastKnownFileType = text.xcconfig; path = Config.xcconfig; sourceTree = "<group>"; };
		AAA9A5252757FEF400FE92DB /* CreateAlbumRequestModel.swift */ = {isa = PBXFileReference; lastKnownFileType = sourcecode.swift; path = CreateAlbumRequestModel.swift; sourceTree = "<group>"; };
		AAA9A5282757FFB400FE92DB /* CreateAlbumService.swift */ = {isa = PBXFileReference; lastKnownFileType = sourcecode.swift; path = CreateAlbumService.swift; sourceTree = "<group>"; };
		AAA9A52A275800D600FE92DB /* CreateAlbumAPI.swift */ = {isa = PBXFileReference; lastKnownFileType = sourcecode.swift; path = CreateAlbumAPI.swift; sourceTree = "<group>"; };
		AAA9A52C2758040B00FE92DB /* AlbumUseCase.swift */ = {isa = PBXFileReference; lastKnownFileType = sourcecode.swift; path = AlbumUseCase.swift; sourceTree = "<group>"; };
		AAA9A52E2758041A00FE92DB /* DefaultAlbumRepositry.swift */ = {isa = PBXFileReference; lastKnownFileType = sourcecode.swift; path = DefaultAlbumRepositry.swift; sourceTree = "<group>"; };
		AAA9A530275808B500FE92DB /* AlbumCreationViewModel.swift */ = {isa = PBXFileReference; lastKnownFileType = sourcecode.swift; path = AlbumCreationViewModel.swift; sourceTree = "<group>"; };
		AABD83782784CC54004E8BF8 /* PreferenceRepository.swift */ = {isa = PBXFileReference; lastKnownFileType = sourcecode.swift; path = PreferenceRepository.swift; sourceTree = "<group>"; };
		AABD837A2784CC75004E8BF8 /* AlbumRepository.swift */ = {isa = PBXFileReference; lastKnownFileType = sourcecode.swift; path = AlbumRepository.swift; sourceTree = "<group>"; };
		AABD837C2784CCAC004E8BF8 /* PanoramaRepository.swift */ = {isa = PBXFileReference; lastKnownFileType = sourcecode.swift; path = PanoramaRepository.swift; sourceTree = "<group>"; };
		AABD837E2784CD36004E8BF8 /* CameraRepository.swift */ = {isa = PBXFileReference; lastKnownFileType = sourcecode.swift; path = CameraRepository.swift; sourceTree = "<group>"; };
		AABD8388278635EC004E8BF8 /* UserDefault.swift */ = {isa = PBXFileReference; lastKnownFileType = sourcecode.swift; path = UserDefault.swift; sourceTree = "<group>"; };
		AABD838A2786385C004E8BF8 /* UserManager.swift */ = {isa = PBXFileReference; lastKnownFileType = sourcecode.swift; path = UserManager.swift; sourceTree = "<group>"; };
		AABD838C27863887004E8BF8 /* UserDefaultKey.swift */ = {isa = PBXFileReference; lastKnownFileType = sourcecode.swift; path = UserDefaultKey.swift; sourceTree = "<group>"; };
		AABEA2D7273C4A3300A06A8C /* Gilroy-Light.ttf */ = {isa = PBXFileReference; lastKnownFileType = file; path = "Gilroy-Light.ttf"; sourceTree = "<group>"; };
		AABEA2D8273C4A3300A06A8C /* Pretendard-Bold.ttf */ = {isa = PBXFileReference; lastKnownFileType = file; path = "Pretendard-Bold.ttf"; sourceTree = "<group>"; };
		AABEA2D9273C4A3300A06A8C /* Pretendard-SemiBold.ttf */ = {isa = PBXFileReference; lastKnownFileType = file; path = "Pretendard-SemiBold.ttf"; sourceTree = "<group>"; };
		AABEA2DA273C4A3300A06A8C /* Pretendard-Regular.ttf */ = {isa = PBXFileReference; lastKnownFileType = file; path = "Pretendard-Regular.ttf"; sourceTree = "<group>"; };
		AABEA2DB273C4A3300A06A8C /* Gilroy-Regular.ttf */ = {isa = PBXFileReference; lastKnownFileType = file; path = "Gilroy-Regular.ttf"; sourceTree = "<group>"; };
		AABEA2E2273C4AAD00A06A8C /* Gilroy-Bold.ttf */ = {isa = PBXFileReference; lastKnownFileType = file; path = "Gilroy-Bold.ttf"; sourceTree = "<group>"; };
		AABEA2E4273C578E00A06A8C /* Album.swift */ = {isa = PBXFileReference; lastKnownFileType = sourcecode.swift; path = Album.swift; sourceTree = "<group>"; };
		AABEA2E6273C585C00A06A8C /* AlbumViewModel.swift */ = {isa = PBXFileReference; lastKnownFileType = sourcecode.swift; path = AlbumViewModel.swift; sourceTree = "<group>"; };
		AAC7ACA22729DFC700B2BE1E /* BaseViewController.swift */ = {isa = PBXFileReference; lastKnownFileType = sourcecode.swift; path = BaseViewController.swift; sourceTree = "<group>"; };
		AAC7ACA62729E91400B2BE1E /* CameraViewModel.swift */ = {isa = PBXFileReference; lastKnownFileType = sourcecode.swift; path = CameraViewModel.swift; sourceTree = "<group>"; };
		AAC7ACB12729F2B100B2BE1E /* Fonts.swift */ = {isa = PBXFileReference; lastKnownFileType = sourcecode.swift; path = Fonts.swift; sourceTree = "<group>"; };
		AAC7ACB7272D5C0800B2BE1E /* UIDevice+hasNotch.swift */ = {isa = PBXFileReference; lastKnownFileType = sourcecode.swift; path = "UIDevice+hasNotch.swift"; sourceTree = "<group>"; };
		AAC7ACBB272D7AEC00B2BE1E /* PoseCollectionViewCell.swift */ = {isa = PBXFileReference; lastKnownFileType = sourcecode.swift; path = PoseCollectionViewCell.swift; sourceTree = "<group>"; };
		AAC7ACBF272D7E0400B2BE1E /* Pose.swift */ = {isa = PBXFileReference; lastKnownFileType = sourcecode.swift; path = Pose.swift; sourceTree = "<group>"; };
		AAC7ACEE2733DF3200B2BE1E /* CameraOutputViewController.swift */ = {isa = PBXFileReference; lastKnownFileType = sourcecode.swift; path = CameraOutputViewController.swift; sourceTree = "<group>"; };
		AAC7ACF82734056700B2BE1E /* UIStackView+addArrangedSubviews.swift */ = {isa = PBXFileReference; lastKnownFileType = sourcecode.swift; path = "UIStackView+addArrangedSubviews.swift"; sourceTree = "<group>"; };
		AAC7AD172735A11B00B2BE1E /* AppDate.swift */ = {isa = PBXFileReference; lastKnownFileType = sourcecode.swift; path = AppDate.swift; sourceTree = "<group>"; };
		AAC7AD232737B6CB00B2BE1E /* AlbumSelectionViewController.swift */ = {isa = PBXFileReference; lastKnownFileType = sourcecode.swift; path = AlbumSelectionViewController.swift; sourceTree = "<group>"; };
		AAC7AD252737B84400B2BE1E /* AlbumCollectionViewCell.swift */ = {isa = PBXFileReference; lastKnownFileType = sourcecode.swift; path = AlbumCollectionViewCell.swift; sourceTree = "<group>"; };
		AAE2FA71276288D800FA2C5C /* TextWithIconView.swift */ = {isa = PBXFileReference; lastKnownFileType = sourcecode.swift; path = TextWithIconView.swift; sourceTree = "<group>"; };
		AAE2FA73276288E600FA2C5C /* NBDatePicker.swift */ = {isa = PBXFileReference; lastKnownFileType = sourcecode.swift; path = NBDatePicker.swift; sourceTree = "<group>"; };
		AAE2FA75276288FE00FA2C5C /* GuideView.swift */ = {isa = PBXFileReference; lastKnownFileType = sourcecode.swift; path = GuideView.swift; sourceTree = "<group>"; };
		AAE2FA772762892D00FA2C5C /* CustomSwitch.swift */ = {isa = PBXFileReference; lastKnownFileType = sourcecode.swift; path = CustomSwitch.swift; sourceTree = "<group>"; };
		AAE2FA792762895100FA2C5C /* BottomSheetView.swift */ = {isa = PBXFileReference; lastKnownFileType = sourcecode.swift; path = BottomSheetView.swift; sourceTree = "<group>"; };
		AAE2FA7C27628A3E00FA2C5C /* ToastView.swift */ = {isa = PBXFileReference; lastKnownFileType = sourcecode.swift; path = ToastView.swift; sourceTree = "<group>"; };
		AAE2FA7E27628A5E00FA2C5C /* UIViewController+ToastView.swift */ = {isa = PBXFileReference; lastKnownFileType = sourcecode.swift; path = "UIViewController+ToastView.swift"; sourceTree = "<group>"; };
		AAE2FA952764041800FA2C5C /* LaunchScreenViewController.swift */ = {isa = PBXFileReference; lastKnownFileType = sourcecode.swift; path = LaunchScreenViewController.swift; sourceTree = "<group>"; };
		AAE2FA972764078900FA2C5C /* LaunchScreen.storyboard */ = {isa = PBXFileReference; fileEncoding = 4; lastKnownFileType = file.storyboard; path = LaunchScreen.storyboard; sourceTree = "<group>"; };
		AAE2FA9C27640ADC00FA2C5C /* LaunchService.swift */ = {isa = PBXFileReference; lastKnownFileType = sourcecode.swift; path = LaunchService.swift; sourceTree = "<group>"; };
		AAE2FA9E27640C5200FA2C5C /* AuthAPI.swift */ = {isa = PBXFileReference; lastKnownFileType = sourcecode.swift; path = AuthAPI.swift; sourceTree = "<group>"; };
		AAE2FAA027640C5B00FA2C5C /* AuthService.swift */ = {isa = PBXFileReference; lastKnownFileType = sourcecode.swift; path = AuthService.swift; sourceTree = "<group>"; };
		AAE2FAA227640C9200FA2C5C /* SignUpRequestModel.swift */ = {isa = PBXFileReference; lastKnownFileType = sourcecode.swift; path = SignUpRequestModel.swift; sourceTree = "<group>"; };
		AAE2FAA4276410B300FA2C5C /* SignInRequestModel.swift */ = {isa = PBXFileReference; lastKnownFileType = sourcecode.swift; path = SignInRequestModel.swift; sourceTree = "<group>"; };
		AAE2FAAB276411E900FA2C5C /* SignInResponse.swift */ = {isa = PBXFileReference; lastKnownFileType = sourcecode.swift; path = SignInResponse.swift; sourceTree = "<group>"; };
		AAE2FAAD2764848F00FA2C5C /* GoogleService-Info.plist */ = {isa = PBXFileReference; fileEncoding = 4; lastKnownFileType = text.plist.xml; path = "GoogleService-Info.plist"; sourceTree = "<group>"; };
		AAE2FAB2276B4F6800FA2C5C /* UIImage+resizeImage.swift */ = {isa = PBXFileReference; lastKnownFileType = sourcecode.swift; path = "UIImage+resizeImage.swift"; sourceTree = "<group>"; };
		AAE2FAB5276BA72A00FA2C5C /* UIButton+alignVertical.swift */ = {isa = PBXFileReference; lastKnownFileType = sourcecode.swift; path = "UIButton+alignVertical.swift"; sourceTree = "<group>"; };
		AAE2FAB7276BA75800FA2C5C /* UIViewController+makeVibrate.swift */ = {isa = PBXFileReference; lastKnownFileType = sourcecode.swift; path = "UIViewController+makeVibrate.swift"; sourceTree = "<group>"; };
		AAE2FABA276CC10300FA2C5C /* ListCollectionViewCell.swift */ = {isa = PBXFileReference; lastKnownFileType = sourcecode.swift; path = ListCollectionViewCell.swift; sourceTree = "<group>"; };
		AAE2FAE82774F9A600FA2C5C /* GoogleService-Info.plist */ = {isa = PBXFileReference; fileEncoding = 4; lastKnownFileType = text.plist.xml; path = "GoogleService-Info.plist"; sourceTree = "<group>"; };
		AAF2D42427240CC00029219D /* swiftgen.yml */ = {isa = PBXFileReference; fileEncoding = 4; lastKnownFileType = text.yaml; path = swiftgen.yml; sourceTree = "<group>"; };
		AAF2D42627240E4C0029219D /* Assets+Generated.swift */ = {isa = PBXFileReference; fileEncoding = 4; lastKnownFileType = sourcecode.swift; path = "Assets+Generated.swift"; sourceTree = "<group>"; };
		AAF2D4282724137E0029219D /* Image.xcassets */ = {isa = PBXFileReference; lastKnownFileType = folder.assetcatalog; path = Image.xcassets; sourceTree = "<group>"; };
		FC23AC0F275A038B0067EEF7 /* AlbumService.swift */ = {isa = PBXFileReference; lastKnownFileType = sourcecode.swift; path = AlbumService.swift; sourceTree = "<group>"; };
		FC23AC11275A03A30067EEF7 /* AlbumAPI.swift */ = {isa = PBXFileReference; lastKnownFileType = sourcecode.swift; path = AlbumAPI.swift; sourceTree = "<group>"; };
		FC87D7CC2746E80B003EEB9B /* CameraCollectionViewCell.swift */ = {isa = PBXFileReference; lastKnownFileType = sourcecode.swift; path = CameraCollectionViewCell.swift; sourceTree = "<group>"; };
		FC9A7267272D267100DD9B35 /* PanoramaViewController.swift */ = {isa = PBXFileReference; lastKnownFileType = sourcecode.swift; path = PanoramaViewController.swift; sourceTree = "<group>"; };
		FC9E3B682730E8AD00FBFDBF /* PanoramaViewModel.swift */ = {isa = PBXFileReference; lastKnownFileType = sourcecode.swift; path = PanoramaViewModel.swift; sourceTree = "<group>"; };
		FCA92EE82731C9360070CA2A /* BottomCollectionViewCell.swift */ = {isa = PBXFileReference; lastKnownFileType = sourcecode.swift; path = BottomCollectionViewCell.swift; sourceTree = "<group>"; };
		FCAE820E27832D3B007A729D /* PanoramaUseCase.swift */ = {isa = PBXFileReference; fileEncoding = 4; lastKnownFileType = sourcecode.swift; path = PanoramaUseCase.swift; sourceTree = "<group>"; };
		FCAE821027832D3B007A729D /* DefaultPanoramaRepository.swift */ = {isa = PBXFileReference; fileEncoding = 4; lastKnownFileType = sourcecode.swift; path = DefaultPanoramaRepository.swift; sourceTree = "<group>"; };
		FCAE821427832D6F007A729D /* PanoramaService.swift */ = {isa = PBXFileReference; fileEncoding = 4; lastKnownFileType = sourcecode.swift; path = PanoramaService.swift; sourceTree = "<group>"; };
		FCAE821527832D6F007A729D /* PanoramaAPI.swift */ = {isa = PBXFileReference; fileEncoding = 4; lastKnownFileType = sourcecode.swift; path = PanoramaAPI.swift; sourceTree = "<group>"; };
		FCC478E527491C2B00963504 /* UINavigationItem+Extensions.swift */ = {isa = PBXFileReference; lastKnownFileType = sourcecode.swift; path = "UINavigationItem+Extensions.swift"; sourceTree = "<group>"; };
		FCCCB71D273BCCC300F57A5E /* TopCollectionViewCell.swift */ = {isa = PBXFileReference; lastKnownFileType = sourcecode.swift; path = TopCollectionViewCell.swift; sourceTree = "<group>"; };
		FCCE684A276C884A00E72F57 /* AlbumEmptyView.swift */ = {isa = PBXFileReference; lastKnownFileType = sourcecode.swift; path = AlbumEmptyView.swift; sourceTree = "<group>"; };
		FCF8C9E1274B9792004263FF /* PanoramaViewController+Extensions.swift */ = {isa = PBXFileReference; lastKnownFileType = sourcecode.swift; path = "PanoramaViewController+Extensions.swift"; sourceTree = "<group>"; };
/* End PBXFileReference section */

/* Begin PBXFrameworksBuildPhase section */
		AA7E0A2F26FB0A6100106DC2 /* Frameworks */ = {
			isa = PBXFrameworksBuildPhase;
			buildActionMask = 2147483647;
			files = (
				AAE2FA882763F51300FA2C5C /* FirebaseMessaging in Frameworks */,
				AA74A0FB274AD5F100FA6678 /* Kingfisher in Frameworks */,
				AA7E0A8E26FB12B100106DC2 /* RxCocoa in Frameworks */,
				AAE2FA862763F51300FA2C5C /* FirebaseAnalytics in Frameworks */,
				AA7E0A8826FB126C00106DC2 /* SnapKit in Frameworks */,
				AAC7ACE5272DC28100B2BE1E /* RxGesture in Frameworks */,
				AA7E0A9026FB12B100106DC2 /* RxSwift in Frameworks */,
				AA73AFBD274FF9A000FD7C70 /* Moya in Frameworks */,
				AA7E0A8B26FB128100106DC2 /* Then in Frameworks */,
			);
			runOnlyForDeploymentPostprocessing = 0;
		};
/* End PBXFrameworksBuildPhase section */

/* Begin PBXGroup section */
		AA2F31752759F3DC00855861 /* Notification */ = {
			isa = PBXGroup;
			children = (
				AA2F31762759F3F900855861 /* NotificationAPI.swift */,
				AA2F317A2759F5E200855861 /* NotificationService.swift */,
			);
			path = Notification;
			sourceTree = "<group>";
		};
		AA2F3186275AD68100855861 /* Camera */ = {
			isa = PBXGroup;
			children = (
				AA2F3187275AD68900855861 /* CameraAPI.swift */,
				AA2F3189275ADB6400855861 /* CameraService.swift */,
			);
			path = Camera;
			sourceTree = "<group>";
		};
		AA5B85D9271700CA002276C3 /* Constants */ = {
			isa = PBXGroup;
			children = (
				AA5B85DA271700D5002276C3 /* Constant.swift */,
				AA5B85DC271700E6002276C3 /* Size.swift */,
				AAF2D42627240E4C0029219D /* Assets+Generated.swift */,
				AABD838C27863887004E8BF8 /* UserDefaultKey.swift */,
			);
			path = Constants;
			sourceTree = "<group>";
		};
		AA73AFAD274FE2E200FD7C70 /* Network */ = {
			isa = PBXGroup;
			children = (
				FCAE821327832D6F007A729D /* Panorama */,
				AAE2FA8A2763FE8300FA2C5C /* Auth */,
				AA2F3186275AD68100855861 /* Camera */,
				AA2F31752759F3DC00855861 /* Notification */,
				FC23AC0E275A03720067EEF7 /* Album */,
				AAA9A5272757FF7200FE92DB /* CreateAlbum */,
				AA73AFB3274FE33000FD7C70 /* Utils */,
				AA73AFAE274FE30C00FD7C70 /* MyPage */,
			);
			path = Network;
			sourceTree = "<group>";
		};
		AA73AFAE274FE30C00FD7C70 /* MyPage */ = {
			isa = PBXGroup;
			children = (
				AA73AFAF274FE31B00FD7C70 /* MyPageService.swift */,
				AA73AFB1274FE32700FD7C70 /* MyPageAPI.swift */,
			);
			path = MyPage;
			sourceTree = "<group>";
		};
		AA73AFB3274FE33000FD7C70 /* Utils */ = {
			isa = PBXGroup;
			children = (
				AA2F3180275AA17D00855861 /* MoyaLoggingPlugin.swift */,
				AA73AFB6274FF78000FD7C70 /* HTTPMethodURL.swift */,
				AA73AFB8274FF8AC00FD7C70 /* BaseTargetType.swift */,
				AA73AFC527518B8900FD7C70 /* MultiMoyaProvider.swift */,
			);
			path = Utils;
			sourceTree = "<group>";
		};
		AA74A0DF274971B200FA6678 /* Data */ = {
			isa = PBXGroup;
			children = (
				AA74A0E0274971BF00FA6678 /* ProfileDataType.swift */,
			);
			path = Data;
			sourceTree = "<group>";
		};
		AA7E0A2926FB0A6100106DC2 = {
			isa = PBXGroup;
			children = (
				AA7E0A9326FB135300106DC2 /* .swiftlint.yml */,
				AAF2D42427240CC00029219D /* swiftgen.yml */,
				AA7E0A3426FB0A6100106DC2 /* Noonbody */,
				AA7E0A3326FB0A6100106DC2 /* Products */,
				AAE2FAB4276B886000FA2C5C /* Recovered References */,
			);
			sourceTree = "<group>";
		};
		AA7E0A3326FB0A6100106DC2 /* Products */ = {
			isa = PBXGroup;
			children = (
				AA7E0A3226FB0A6100106DC2 /* Noonbody.app */,
			);
			name = Products;
			sourceTree = "<group>";
		};
		AA7E0A3426FB0A6100106DC2 /* Noonbody */ = {
			isa = PBXGroup;
			children = (
				AAE2FAE82774F9A600FA2C5C /* GoogleService-Info.plist */,
				AA7E0A4D26FB0B1E00106DC2 /* Resource */,
				AA7E0A4C26FB0AE200106DC2 /* Source */,
				AA7E0A3E26FB0A6100106DC2 /* Noonbody.xcdatamodeld */,
			);
			path = Noonbody;
			sourceTree = "<group>";
		};
		AA7E0A4C26FB0AE200106DC2 /* Source */ = {
			isa = PBXGroup;
			children = (
				AABD83752784BDF0004E8BF8 /* Data */,
				AABD83722784BCCF004E8BF8 /* Domain */,
				AAE2FA7B276289B200FA2C5C /* Presentation */,
			);
			path = Source;
			sourceTree = "<group>";
		};
		AA7E0A4D26FB0B1E00106DC2 /* Resource */ = {
			isa = PBXGroup;
			children = (
				AAC7ACAA2729EDF100B2BE1E /* Font */,
				AA5B85D9271700CA002276C3 /* Constants */,
				AA7E0A4126FB0A6200106DC2 /* Assets.xcassets */,
				AAF2D4282724137E0029219D /* Image.xcassets */,
				AA5B85D52716F4FF002276C3 /* Color.xcassets */,
				AA7E0A4E26FB0B2D00106DC2 /* Support */,
				AAA9A4F62753A71F00FE92DB /* Config.xcconfig */,
				AAE2FA972764078900FA2C5C /* LaunchScreen.storyboard */,
			);
			path = Resource;
			sourceTree = "<group>";
		};
		AA7E0A4E26FB0B2D00106DC2 /* Support */ = {
			isa = PBXGroup;
			children = (
				AA7E0A4626FB0A6200106DC2 /* Info.plist */,
				AA7E0A3526FB0A6100106DC2 /* AppDelegate.swift */,
				AA7E0A3726FB0A6100106DC2 /* SceneDelegate.swift */,
			);
			path = Support;
			sourceTree = "<group>";
		};
		AA7E0A4F26FB0B4F00106DC2 /* Home */ = {
			isa = PBXGroup;
			children = (
				AA74A0DF274971B200FA6678 /* Data */,
				AA7E0A5626FB0B9800106DC2 /* Views */,
				AA7E0A5526FB0B8F00106DC2 /* Cells */,
				AA7E0A5426FB0B7D00106DC2 /* ViewModels */,
				AA7E0A5326FB0B7100106DC2 /* ViewControllers */,
			);
			path = Home;
			sourceTree = "<group>";
		};
		AA7E0A5026FB0B5800106DC2 /* Camera */ = {
			isa = PBXGroup;
			children = (
				AABD83822784CE41004E8BF8 /* Utils */,
				AAE2FA70276288A200FA2C5C /* Views */,
				AA7E0A6026FB0BD500106DC2 /* ViewControllers */,
				AA7E0A5F26FB0BD000106DC2 /* ViewModels */,
				AA7E0A5E26FB0BCC00106DC2 /* Cells */,
			);
			path = Camera;
			sourceTree = "<group>";
		};
		AA7E0A5226FB0B6900106DC2 /* Panorama */ = {
			isa = PBXGroup;
			children = (
				FCF8C9E0274B974E004263FF /* Extensions */,
				AA7E0A6726FB0C0800106DC2 /* Cells */,
				AA7E0A6626FB0C0300106DC2 /* ViewModels */,
				AA7E0A6526FB0BFD00106DC2 /* ViewControllers */,
			);
			path = Panorama;
			sourceTree = "<group>";
		};
		AA7E0A5326FB0B7100106DC2 /* ViewControllers */ = {
			isa = PBXGroup;
			children = (
				AA5B85E027171072002276C3 /* HomeViewController.swift */,
				AA4033D2274C36FC009C4A7E /* AlbumCreationViewController.swift */,
			);
			path = ViewControllers;
			sourceTree = "<group>";
		};
		AA7E0A5426FB0B7D00106DC2 /* ViewModels */ = {
			isa = PBXGroup;
			children = (
				AABEA2E6273C585C00A06A8C /* AlbumViewModel.swift */,
				AAA9A530275808B500FE92DB /* AlbumCreationViewModel.swift */,
			);
			path = ViewModels;
			sourceTree = "<group>";
		};
		AA7E0A5526FB0B8F00106DC2 /* Cells */ = {
			isa = PBXGroup;
			children = (
				AAE2FABA276CC10300FA2C5C /* ListCollectionViewCell.swift */,
			);
			path = Cells;
			sourceTree = "<group>";
		};
		AA7E0A5626FB0B9800106DC2 /* Views */ = {
			isa = PBXGroup;
			children = (
				AA7E0A5726FB0BA600106DC2 /* ViewSample.swift */,
			);
			path = Views;
			sourceTree = "<group>";
		};
		AA7E0A5E26FB0BCC00106DC2 /* Cells */ = {
			isa = PBXGroup;
			children = (
				AAC7ACBB272D7AEC00B2BE1E /* PoseCollectionViewCell.swift */,
			);
			path = Cells;
			sourceTree = "<group>";
		};
		AA7E0A5F26FB0BD000106DC2 /* ViewModels */ = {
			isa = PBXGroup;
			children = (
				AAC7ACA62729E91400B2BE1E /* CameraViewModel.swift */,
				AA7366502746BD53002B726D /* DateViewModel.swift */,
				AA2F3191275B413100855861 /* AlbumSelectionViewModel.swift */,
			);
			path = ViewModels;
			sourceTree = "<group>";
		};
		AA7E0A6026FB0BD500106DC2 /* ViewControllers */ = {
			isa = PBXGroup;
			children = (
				AA5B85CE2716D068002276C3 /* CameraViewController.swift */,
				AAC7ACEE2733DF3200B2BE1E /* CameraOutputViewController.swift */,
				AAC7AD232737B6CB00B2BE1E /* AlbumSelectionViewController.swift */,
			);
			path = ViewControllers;
			sourceTree = "<group>";
		};
		AA7E0A6526FB0BFD00106DC2 /* ViewControllers */ = {
			isa = PBXGroup;
			children = (
				FC9A7267272D267100DD9B35 /* PanoramaViewController.swift */,
			);
			path = ViewControllers;
			sourceTree = "<group>";
		};
		AA7E0A6626FB0C0300106DC2 /* ViewModels */ = {
			isa = PBXGroup;
			children = (
				FC9E3B682730E8AD00FBFDBF /* PanoramaViewModel.swift */,
			);
			path = ViewModels;
			sourceTree = "<group>";
		};
		AA7E0A6726FB0C0800106DC2 /* Cells */ = {
			isa = PBXGroup;
			children = (
				FCCCB71D273BCCC300F57A5E /* TopCollectionViewCell.swift */,
				FCA92EE82731C9360070CA2A /* BottomCollectionViewCell.swift */,
				FC87D7CC2746E80B003EEB9B /* CameraCollectionViewCell.swift */,
			);
			path = Cells;
			sourceTree = "<group>";
		};
		AA9591102744336D007772BD /* Component */ = {
			isa = PBXGroup;
			children = (
				AA4EFD2627623F6F005017FC /* NBBasicButton.swift */,
				AA4EFD2227623F3F005017FC /* NBSegmentedControl.swift */,
				AA4EFD2027623F38005017FC /* SelectedView.swift */,
				AA9591112744339D007772BD /* NBTextField.swift */,
				AA4EFD2827623F75005017FC /* NBSegmentedButton.swift */,
				AA74A0F5274A6EDB00FA6678 /* NBDayButton.swift */,
				AA74A0F7274AAB0E00FA6678 /* NBPrimaryButton.swift */,
				AAC7AD252737B84400B2BE1E /* AlbumCollectionViewCell.swift */,
				AAE2FA7C27628A3E00FA2C5C /* ToastView.swift */,
				FCCE684A276C884A00E72F57 /* AlbumEmptyView.swift */,
			);
			path = Component;
			sourceTree = "<group>";
		};
		AAA9A5272757FF7200FE92DB /* CreateAlbum */ = {
			isa = PBXGroup;
			children = (
				AAA9A5282757FFB400FE92DB /* CreateAlbumService.swift */,
				AAA9A52A275800D600FE92DB /* CreateAlbumAPI.swift */,
			);
			path = CreateAlbum;
			sourceTree = "<group>";
		};
		AABD83722784BCCF004E8BF8 /* Domain */ = {
			isa = PBXGroup;
			children = (
				AABD83762784CC17004E8BF8 /* Interfaces */,
				AABD83742784BD97004E8BF8 /* UseCases */,
				AABD83732784BD16004E8BF8 /* Entity */,
			);
			path = Domain;
			sourceTree = "<group>";
		};
		AABD83732784BD16004E8BF8 /* Entity */ = {
			isa = PBXGroup;
			children = (
				AA74A0ED2749960300FA6678 /* UserInfo.swift */,
				AAC7ACBF272D7E0400B2BE1E /* Pose.swift */,
				AA2F31782759F53F00855861 /* NotificationConfig.swift */,
				AABEA2E4273C578E00A06A8C /* Album.swift */,
				AA73AFBF27502BB200FD7C70 /* ProfileRequestModel.swift */,
				AAA9A5252757FEF400FE92DB /* CreateAlbumRequestModel.swift */,
				AA2F3184275AD61800855861 /* PhotoRequestModel.swift */,
				AAE2FAA227640C9200FA2C5C /* SignUpRequestModel.swift */,
				AAE2FAA4276410B300FA2C5C /* SignInRequestModel.swift */,
			);
			path = Entity;
			sourceTree = "<group>";
		};
		AABD83742784BD97004E8BF8 /* UseCases */ = {
			isa = PBXGroup;
			children = (
				FCAE820E27832D3B007A729D /* PanoramaUseCase.swift */,
				AA73AFA9274FBA0500FD7C70 /* ProfileUseCase.swift */,
				AAA9A52C2758040B00FE92DB /* AlbumUseCase.swift */,
				AA2F318F275ADC3500855861 /* CameraUseCase.swift */,
			);
			path = UseCases;
			sourceTree = "<group>";
		};
		AABD83752784BDF0004E8BF8 /* Data */ = {
			isa = PBXGroup;
			children = (
				AABD83802784CD88004E8BF8 /* Repositories */,
				AA73AFAD274FE2E200FD7C70 /* Network */,
			);
			path = Data;
			sourceTree = "<group>";
		};
		AABD83762784CC17004E8BF8 /* Interfaces */ = {
			isa = PBXGroup;
			children = (
				AABD83772784CC2F004E8BF8 /* Repositories */,
			);
			path = Interfaces;
			sourceTree = "<group>";
		};
		AABD83772784CC2F004E8BF8 /* Repositories */ = {
			isa = PBXGroup;
			children = (
				AABD83782784CC54004E8BF8 /* PreferenceRepository.swift */,
				AABD837A2784CC75004E8BF8 /* AlbumRepository.swift */,
				AABD837C2784CCAC004E8BF8 /* PanoramaRepository.swift */,
				AABD837E2784CD36004E8BF8 /* CameraRepository.swift */,
			);
			path = Repositories;
			sourceTree = "<group>";
		};
		AABD83802784CD88004E8BF8 /* Repositories */ = {
			isa = PBXGroup;
			children = (
				FCAE821027832D3B007A729D /* DefaultPanoramaRepository.swift */,
				AA74A0E8274993CF00FA6678 /* DefaultPreferenceRepository.swift */,
				AAA9A52E2758041A00FE92DB /* DefaultAlbumRepositry.swift */,
				AA2F318D275ADBDD00855861 /* DefaultCameraRepository.swift */,
			);
			path = Repositories;
			sourceTree = "<group>";
		};
		AABD83812784CDEF004E8BF8 /* Utils */ = {
			isa = PBXGroup;
			children = (
				AA95910E27442999007772BD /* PopUpViewController.swift */,
				AA95911C27444F4F007772BD /* PopUpActionDelegate.swift */,
				AA5B85D12716D4D8002276C3 /* UIView+addSubviews.swift */,
				AA5B85D32716F1A1002276C3 /* UIView+makeRounded.swift */,
				AA5B85DE27170F27002276C3 /* UINavigationController+Extensions.swift */,
				AAC7ACB7272D5C0800B2BE1E /* UIDevice+hasNotch.swift */,
				AAC7ACF82734056700B2BE1E /* UIStackView+addArrangedSubviews.swift */,
				AA959113274435DD007772BD /* UITextField+addLeftPadding.swift */,
				AA959115274436A4007772BD /* UIView+addShadow.swift */,
				AA95911727443FB9007772BD /* UIViewController+hideKeyboard.swift */,
				AA95911E27445CD0007772BD /* className.swift */,
				AA9591202744EDDC007772BD /* UICollectionView+Generic.swift */,
				FCC478E527491C2B00963504 /* UINavigationItem+Extensions.swift */,
				AA95912227458F92007772BD /* UIVIew+renderToImageView.swift */,
				AA73665227485C3D002B726D /* String+2DigitFormat.swift */,
				AA74A0DD27496F8E00FA6678 /* UITableView+Generic.swift */,
				AA74A0E4274985F200FA6678 /* Rx+ViewWillAppear.swift */,
				AA74A0F1274A664D00FA6678 /* UITextField+attributedPlaceholder.swift */,
				AA74A0FC274AD66300FA6678 /* UIImageView+setImage.swift */,
				AAE2FA7E27628A5E00FA2C5C /* UIViewController+ToastView.swift */,
				AAE2FAB2276B4F6800FA2C5C /* UIImage+resizeImage.swift */,
				AAE2FAB5276BA72A00FA2C5C /* UIButton+alignVertical.swift */,
				AAE2FAB7276BA75800FA2C5C /* UIViewController+makeVibrate.swift */,
				AABD8388278635EC004E8BF8 /* UserDefault.swift */,
				AABD838A2786385C004E8BF8 /* UserManager.swift */,
			);
			path = Utils;
			sourceTree = "<group>";
		};
		AABD83822784CE41004E8BF8 /* Utils */ = {
			isa = PBXGroup;
			children = (
				AA9A41462715EC2C002BBE15 /* Camera.swift */,
				AA2F3182275AC84700855861 /* CameraRequestManager.swift */,
				AAC7AD172735A11B00B2BE1E /* AppDate.swift */,
			);
			path = Utils;
			sourceTree = "<group>";
		};
		AABD83832784D08F004E8BF8 /* Preferences */ = {
			isa = PBXGroup;
			children = (
				AABD83862784D0C9004E8BF8 /* ViewControllers */,
				AABD83852784D0A8004E8BF8 /* ViewModel */,
				AABD83842784D099004E8BF8 /* Cells */,
			);
			path = Preferences;
			sourceTree = "<group>";
		};
		AABD83842784D099004E8BF8 /* Cells */ = {
			isa = PBXGroup;
			children = (
				AA74A0DB274962F400FA6678 /* ProfileTableViewCell.swift */,
			);
			path = Cells;
			sourceTree = "<group>";
		};
		AABD83852784D0A8004E8BF8 /* ViewModel */ = {
			isa = PBXGroup;
			children = (
				AA74A0E227497E0000FA6678 /* ProfileViewModel.swift */,
				AA2F317D2759F7E800855861 /* NotificationViewModel.swift */,
			);
			path = ViewModel;
			sourceTree = "<group>";
		};
		AABD83862784D0C9004E8BF8 /* ViewControllers */ = {
			isa = PBXGroup;
			children = (
				AA74A0F3274A696E00FA6678 /* NotificationViewController.swift */,
				AA74A0D927495E2300FA6678 /* ProfileViewController.swift */,
			);
			path = ViewControllers;
			sourceTree = "<group>";
		};
		AAC7AC9D2729D83A00B2BE1E /* Base */ = {
			isa = PBXGroup;
			children = (
				AAC7ACA22729DFC700B2BE1E /* BaseViewController.swift */,
			);
			path = Base;
			sourceTree = "<group>";
		};
		AAC7ACAA2729EDF100B2BE1E /* Font */ = {
			isa = PBXGroup;
			children = (
				AABEA2E2273C4AAD00A06A8C /* Gilroy-Bold.ttf */,
				AABEA2D7273C4A3300A06A8C /* Gilroy-Light.ttf */,
				AABEA2DB273C4A3300A06A8C /* Gilroy-Regular.ttf */,
				AABEA2D8273C4A3300A06A8C /* Pretendard-Bold.ttf */,
				AABEA2DA273C4A3300A06A8C /* Pretendard-Regular.ttf */,
				AABEA2D9273C4A3300A06A8C /* Pretendard-SemiBold.ttf */,
				AAC7ACB12729F2B100B2BE1E /* Fonts.swift */,
			);
			path = Font;
			sourceTree = "<group>";
		};
		AAE2FA70276288A200FA2C5C /* Views */ = {
			isa = PBXGroup;
			children = (
				AAE2FA71276288D800FA2C5C /* TextWithIconView.swift */,
				AAE2FA73276288E600FA2C5C /* NBDatePicker.swift */,
				AAE2FA75276288FE00FA2C5C /* GuideView.swift */,
				AAE2FA772762892D00FA2C5C /* CustomSwitch.swift */,
				AAE2FA792762895100FA2C5C /* BottomSheetView.swift */,
			);
			path = Views;
			sourceTree = "<group>";
		};
		AAE2FA7B276289B200FA2C5C /* Presentation */ = {
			isa = PBXGroup;
			children = (
				AABD83832784D08F004E8BF8 /* Preferences */,
				AABD83812784CDEF004E8BF8 /* Utils */,
				AA9591102744336D007772BD /* Component */,
				AAE2FA9927640AB400FA2C5C /* Launch */,
				AAC7AC9D2729D83A00B2BE1E /* Base */,
				AA7E0A4F26FB0B4F00106DC2 /* Home */,
				AA7E0A5226FB0B6900106DC2 /* Panorama */,
				AA7E0A5026FB0B5800106DC2 /* Camera */,
			);
			path = Presentation;
			sourceTree = "<group>";
		};
		AAE2FA8A2763FE8300FA2C5C /* Auth */ = {
			isa = PBXGroup;
			children = (
				AAE2FA9E27640C5200FA2C5C /* AuthAPI.swift */,
				AAE2FAA027640C5B00FA2C5C /* AuthService.swift */,
			);
			path = Auth;
			sourceTree = "<group>";
		};
		AAE2FA9927640AB400FA2C5C /* Launch */ = {
			isa = PBXGroup;
			children = (
				AAE2FA9C27640ADC00FA2C5C /* LaunchService.swift */,
				AAE2FAA8276411C200FA2C5C /* Model */,
				AAE2FA9B27640ACC00FA2C5C /* ViewModel */,
				AAE2FA9A27640AC400FA2C5C /* ViewController */,
			);
			path = Launch;
			sourceTree = "<group>";
		};
		AAE2FA9A27640AC400FA2C5C /* ViewController */ = {
			isa = PBXGroup;
			children = (
				AAE2FA952764041800FA2C5C /* LaunchScreenViewController.swift */,
			);
			path = ViewController;
			sourceTree = "<group>";
		};
		AAE2FA9B27640ACC00FA2C5C /* ViewModel */ = {
			isa = PBXGroup;
			children = (
			);
			path = ViewModel;
			sourceTree = "<group>";
		};
		AAE2FAA8276411C200FA2C5C /* Model */ = {
			isa = PBXGroup;
			children = (
				AAE2FAAB276411E900FA2C5C /* SignInResponse.swift */,
			);
			path = Model;
			sourceTree = "<group>";
		};
		AAE2FAB4276B886000FA2C5C /* Recovered References */ = {
			isa = PBXGroup;
			children = (
				AAE2FAAD2764848F00FA2C5C /* GoogleService-Info.plist */,
			);
			name = "Recovered References";
			sourceTree = "<group>";
		};
		FC23AC0E275A03720067EEF7 /* Album */ = {
			isa = PBXGroup;
			children = (
				FC23AC0F275A038B0067EEF7 /* AlbumService.swift */,
				FC23AC11275A03A30067EEF7 /* AlbumAPI.swift */,
			);
			path = Album;
			sourceTree = "<group>";
		};
		FCAE821327832D6F007A729D /* Panorama */ = {
			isa = PBXGroup;
			children = (
				FCAE821427832D6F007A729D /* PanoramaService.swift */,
				FCAE821527832D6F007A729D /* PanoramaAPI.swift */,
			);
			path = Panorama;
			sourceTree = "<group>";
		};
		FCF8C9E0274B974E004263FF /* Extensions */ = {
			isa = PBXGroup;
			children = (
				FCF8C9E1274B9792004263FF /* PanoramaViewController+Extensions.swift */,
			);
			path = Extensions;
			sourceTree = "<group>";
		};
/* End PBXGroup section */

/* Begin PBXNativeTarget section */
		AA7E0A3126FB0A6100106DC2 /* Noonbody */ = {
			isa = PBXNativeTarget;
			buildConfigurationList = AA7E0A4926FB0A6200106DC2 /* Build configuration list for PBXNativeTarget "Noonbody" */;
			buildPhases = (
				AA7E0A2E26FB0A6100106DC2 /* Sources */,
				AA7E0A2F26FB0A6100106DC2 /* Frameworks */,
				AA7E0A3026FB0A6100106DC2 /* Resources */,
				AA7E0A9226FB130200106DC2 /* SwiftLint Script */,
				AAF2D42127240B8F0029219D /* SwiftGen Script */,
			);
			buildRules = (
				AA7E0A9126FB12F400106DC2 /* PBXBuildRule */,
			);
			dependencies = (
			);
			name = Noonbody;
			packageProductDependencies = (
				AA7E0A8726FB126C00106DC2 /* SnapKit */,
				AA7E0A8A26FB128100106DC2 /* Then */,
				AA7E0A8D26FB12B100106DC2 /* RxCocoa */,
				AA7E0A8F26FB12B100106DC2 /* RxSwift */,
				AAC7ACE4272DC28100B2BE1E /* RxGesture */,
				AA74A0FA274AD5F100FA6678 /* Kingfisher */,
				AA73AFBC274FF9A000FD7C70 /* Moya */,
				AAE2FA852763F51300FA2C5C /* FirebaseAnalytics */,
				AAE2FA872763F51300FA2C5C /* FirebaseMessaging */,
			);
			productName = "everyBody-iOS";
			productReference = AA7E0A3226FB0A6100106DC2 /* Noonbody.app */;
			productType = "com.apple.product-type.application";
		};
/* End PBXNativeTarget section */

/* Begin PBXProject section */
		AA7E0A2A26FB0A6100106DC2 /* Project object */ = {
			isa = PBXProject;
			attributes = {
				LastSwiftUpdateCheck = 1250;
				LastUpgradeCheck = 1250;
				TargetAttributes = {
					AA7E0A3126FB0A6100106DC2 = {
						CreatedOnToolsVersion = 12.5.1;
					};
				};
			};
			buildConfigurationList = AA7E0A2D26FB0A6100106DC2 /* Build configuration list for PBXProject "Noonbody" */;
			compatibilityVersion = "Xcode 9.3";
			developmentRegion = en;
			hasScannedForEncodings = 0;
			knownRegions = (
				en,
				Base,
			);
			mainGroup = AA7E0A2926FB0A6100106DC2;
			packageReferences = (
				AA7E0A8626FB126C00106DC2 /* XCRemoteSwiftPackageReference "SnapKit" */,
				AA7E0A8926FB128100106DC2 /* XCRemoteSwiftPackageReference "Then" */,
				AA7E0A8C26FB12B100106DC2 /* XCRemoteSwiftPackageReference "RxSwift" */,
				AAC7ACE3272DC28100B2BE1E /* XCRemoteSwiftPackageReference "RxGesture" */,
				AA74A0F9274AD5F100FA6678 /* XCRemoteSwiftPackageReference "Kingfisher" */,
				AA73AFBB274FF9A000FD7C70 /* XCRemoteSwiftPackageReference "Moya" */,
				AAE2FA842763F51300FA2C5C /* XCRemoteSwiftPackageReference "firebase-ios-sdk" */,
			);
			productRefGroup = AA7E0A3326FB0A6100106DC2 /* Products */;
			projectDirPath = "";
			projectRoot = "";
			targets = (
				AA7E0A3126FB0A6100106DC2 /* Noonbody */,
			);
		};
/* End PBXProject section */

/* Begin PBXResourcesBuildPhase section */
		AA7E0A3026FB0A6100106DC2 /* Resources */ = {
			isa = PBXResourcesBuildPhase;
			buildActionMask = 2147483647;
			files = (
				AAE2FAE92774F9A600FA2C5C /* GoogleService-Info.plist in Resources */,
				AABEA2E1273C4A3300A06A8C /* Gilroy-Regular.ttf in Resources */,
				AABEA2DF273C4A3300A06A8C /* Pretendard-SemiBold.ttf in Resources */,
				AA7E0A9426FB135300106DC2 /* .swiftlint.yml in Resources */,
				AABEA2E3273C4AAD00A06A8C /* Gilroy-Bold.ttf in Resources */,
				AABEA2E0273C4A3300A06A8C /* Pretendard-Regular.ttf in Resources */,
				AAF2D4292724137E0029219D /* Image.xcassets in Resources */,
				AAE2FA982764078900FA2C5C /* LaunchScreen.storyboard in Resources */,
				AAF2D42527240CC00029219D /* swiftgen.yml in Resources */,
				AA5B85D62716F4FF002276C3 /* Color.xcassets in Resources */,
				AABEA2DD273C4A3300A06A8C /* Gilroy-Light.ttf in Resources */,
				AABEA2DE273C4A3300A06A8C /* Pretendard-Bold.ttf in Resources */,
				AA7E0A4226FB0A6200106DC2 /* Assets.xcassets in Resources */,
			);
			runOnlyForDeploymentPostprocessing = 0;
		};
/* End PBXResourcesBuildPhase section */

/* Begin PBXShellScriptBuildPhase section */
		AA7E0A9226FB130200106DC2 /* SwiftLint Script */ = {
			isa = PBXShellScriptBuildPhase;
			buildActionMask = 2147483647;
			files = (
			);
			inputFileListPaths = (
			);
			inputPaths = (
			);
			name = "SwiftLint Script";
			outputFileListPaths = (
			);
			outputPaths = (
			);
			runOnlyForDeploymentPostprocessing = 0;
			shellPath = /bin/sh;
			shellScript = "if which swiftlint >/dev/null; then\n  swiftlint\nelse\n  echo \"warning: SwiftLint not installed, download from https://github.com/realm/SwiftLint\"\nfi\n";
		};
		AAF2D42127240B8F0029219D /* SwiftGen Script */ = {
			isa = PBXShellScriptBuildPhase;
			buildActionMask = 2147483647;
			files = (
			);
			inputFileListPaths = (
			);
			inputPaths = (
			);
			name = "SwiftGen Script";
			outputFileListPaths = (
			);
			outputPaths = (
			);
			runOnlyForDeploymentPostprocessing = 0;
			shellPath = /bin/sh;
			shellScript = "# Type a script or drag a script file from your workspace to insert its path.\nif which swiftgen >/dev/null; then\n  swiftgen\nelse\n  echo \"warning: SwiftGen not installed, download it from https://github.com/SwiftGen/SwiftGen\"\nfi\n";
		};
/* End PBXShellScriptBuildPhase section */

/* Begin PBXSourcesBuildPhase section */
		AA7E0A2E26FB0A6100106DC2 /* Sources */ = {
			isa = PBXSourcesBuildPhase;
			buildActionMask = 2147483647;
			files = (
				AABD838B2786385C004E8BF8 /* UserManager.swift in Sources */,
				AAC7ACA72729E91400B2BE1E /* CameraViewModel.swift in Sources */,
				AA7E0A5826FB0BA600106DC2 /* ViewSample.swift in Sources */,
				FCAE821227832D3B007A729D /* DefaultPanoramaRepository.swift in Sources */,
				AA5B85DB271700D5002276C3 /* Constant.swift in Sources */,
				AAE2FA9D27640ADC00FA2C5C /* LaunchService.swift in Sources */,
				AA74A0E5274985F200FA6678 /* Rx+ViewWillAppear.swift in Sources */,
				AA2F3183275AC84700855861 /* CameraRequestManager.swift in Sources */,
				AA95910F27442999007772BD /* PopUpViewController.swift in Sources */,
				AA74A0EE2749960300FA6678 /* UserInfo.swift in Sources */,
				AABD837D2784CCAC004E8BF8 /* PanoramaRepository.swift in Sources */,
				AA959116274436A4007772BD /* UIView+addShadow.swift in Sources */,
				AA5B85E127171072002276C3 /* HomeViewController.swift in Sources */,
				AA73AFB2274FE32700FD7C70 /* MyPageAPI.swift in Sources */,
				AA9591122744339D007772BD /* NBTextField.swift in Sources */,
				AA74A0FD274AD66300FA6678 /* UIImageView+setImage.swift in Sources */,
				AAE2FAA5276410B300FA2C5C /* SignInRequestModel.swift in Sources */,
				AAE2FAA127640C5B00FA2C5C /* AuthService.swift in Sources */,
				AAC7ACEF2733DF3200B2BE1E /* CameraOutputViewController.swift in Sources */,
				AAE2FA7D27628A3E00FA2C5C /* ToastView.swift in Sources */,
				AAC7ACC0272D7E0400B2BE1E /* Pose.swift in Sources */,
				AA2F31792759F53F00855861 /* NotificationConfig.swift in Sources */,
				AA2F3188275AD68900855861 /* CameraAPI.swift in Sources */,
				AAE2FAB6276BA72A00FA2C5C /* UIButton+alignVertical.swift in Sources */,
				AA2F3192275B413100855861 /* AlbumSelectionViewModel.swift in Sources */,
				FCAE821727832D6F007A729D /* PanoramaAPI.swift in Sources */,
				AA2F318A275ADB6400855861 /* CameraService.swift in Sources */,
				AAA9A52D2758040B00FE92DB /* AlbumUseCase.swift in Sources */,
				AA95911827443FB9007772BD /* UIViewController+hideKeyboard.swift in Sources */,
				AAC7ACB22729F2B100B2BE1E /* Fonts.swift in Sources */,
				AA2F318E275ADBDD00855861 /* DefaultCameraRepository.swift in Sources */,
				AA73AFB9274FF8AC00FD7C70 /* BaseTargetType.swift in Sources */,
				AA74A0E327497E0000FA6678 /* ProfileViewModel.swift in Sources */,
				AAC7AD182735A11C00B2BE1E /* AppDate.swift in Sources */,
				AA4EFD2327623F3F005017FC /* NBSegmentedControl.swift in Sources */,
				AA74A0E1274971BF00FA6678 /* ProfileDataType.swift in Sources */,
				AA7E0A4026FB0A6100106DC2 /* Noonbody.xcdatamodeld in Sources */,
				AAE2FA9F27640C5200FA2C5C /* AuthAPI.swift in Sources */,
				AA74A0F4274A696E00FA6678 /* NotificationViewController.swift in Sources */,
				AAC7AD242737B6CB00B2BE1E /* AlbumSelectionViewController.swift in Sources */,
				FCAE821627832D6F007A729D /* PanoramaService.swift in Sources */,
				AAE2FA76276288FE00FA2C5C /* GuideView.swift in Sources */,
				AABD8389278635EC004E8BF8 /* UserDefault.swift in Sources */,
				AAF2D42727240E4C0029219D /* Assets+Generated.swift in Sources */,
				AAE2FAB8276BA75800FA2C5C /* UIViewController+makeVibrate.swift in Sources */,
				AA5B85DD271700E6002276C3 /* Size.swift in Sources */,
				AA5B85D42716F1A1002276C3 /* UIView+makeRounded.swift in Sources */,
				AA959114274435DD007772BD /* UITextField+addLeftPadding.swift in Sources */,
				AAE2FA782762892D00FA2C5C /* CustomSwitch.swift in Sources */,
				AA2F31772759F3F900855861 /* NotificationAPI.swift in Sources */,
				AAE2FAA327640C9200FA2C5C /* SignUpRequestModel.swift in Sources */,
				AA5B85DF27170F27002276C3 /* UINavigationController+Extensions.swift in Sources */,
				AAE2FA72276288D800FA2C5C /* TextWithIconView.swift in Sources */,
				FC87D7CD2746E80B003EEB9B /* CameraCollectionViewCell.swift in Sources */,
				AA95911D27444F4F007772BD /* PopUpActionDelegate.swift in Sources */,
				AAA9A52F2758041A00FE92DB /* DefaultAlbumRepositry.swift in Sources */,
				AA2F317B2759F5E200855861 /* NotificationService.swift in Sources */,
				AAE2FAB3276B4F6800FA2C5C /* UIImage+resizeImage.swift in Sources */,
				FC9A7268272D267100DD9B35 /* PanoramaViewController.swift in Sources */,
				FC9E3B692730E8AD00FBFDBF /* PanoramaViewModel.swift in Sources */,
				AABD837F2784CD36004E8BF8 /* CameraRepository.swift in Sources */,
				AA74A0DE27496F8E00FA6678 /* UITableView+Generic.swift in Sources */,
				AA74A0E9274993CF00FA6678 /* DefaultPreferenceRepository.swift in Sources */,
				AA9A41472715EC2C002BBE15 /* Camera.swift in Sources */,
				AAA9A5292757FFB400FE92DB /* CreateAlbumService.swift in Sources */,
				AA95912327458F92007772BD /* UIVIew+renderToImageView.swift in Sources */,
				AA73AFB7274FF78000FD7C70 /* HTTPMethodURL.swift in Sources */,
				AAC7AD262737B84400B2BE1E /* AlbumCollectionViewCell.swift in Sources */,
				AAC7ACBC272D7AEC00B2BE1E /* PoseCollectionViewCell.swift in Sources */,
				AA5B85D22716D4D8002276C3 /* UIView+addSubviews.swift in Sources */,
				AA74A0F2274A664D00FA6678 /* UITextField+attributedPlaceholder.swift in Sources */,
				AAE2FABB276CC10300FA2C5C /* ListCollectionViewCell.swift in Sources */,
				AA95911F27445CD0007772BD /* className.swift in Sources */,
				AA74A0DA27495E2300FA6678 /* ProfileViewController.swift in Sources */,
				AA7366512746BD53002B726D /* DateViewModel.swift in Sources */,
				AABEA2E5273C578E00A06A8C /* Album.swift in Sources */,
				AA2F3190275ADC3500855861 /* CameraUseCase.swift in Sources */,
				AA4EFD2927623F75005017FC /* NBSegmentedButton.swift in Sources */,
				AAE2FAAC276411E900FA2C5C /* SignInResponse.swift in Sources */,
				FCAE821127832D3B007A729D /* PanoramaUseCase.swift in Sources */,
				FC23AC10275A038B0067EEF7 /* AlbumService.swift in Sources */,
				AA2F3185275AD61800855861 /* PhotoRequestModel.swift in Sources */,
				FCF8C9E2274B9792004263FF /* PanoramaViewController+Extensions.swift in Sources */,
				AA74A0F8274AAB0E00FA6678 /* NBPrimaryButton.swift in Sources */,
				AAE2FA74276288E600FA2C5C /* NBDatePicker.swift in Sources */,
				AA4033D3274C36FC009C4A7E /* AlbumCreationViewController.swift in Sources */,
				AA73AFC627518B8900FD7C70 /* MultiMoyaProvider.swift in Sources */,
				AA5B85CF2716D068002276C3 /* CameraViewController.swift in Sources */,
				AAA9A52B275800D600FE92DB /* CreateAlbumAPI.swift in Sources */,
				FCC478E627491C2B00963504 /* UINavigationItem+Extensions.swift in Sources */,
				AAA9A531275808B500FE92DB /* AlbumCreationViewModel.swift in Sources */,
				AA2F3181275AA17D00855861 /* MoyaLoggingPlugin.swift in Sources */,
				AAC7ACF92734056700B2BE1E /* UIStackView+addArrangedSubviews.swift in Sources */,
				AAC7ACB8272D5C0800B2BE1E /* UIDevice+hasNotch.swift in Sources */,
				AA73AFB0274FE31B00FD7C70 /* MyPageService.swift in Sources */,
				AA7E0A3626FB0A6100106DC2 /* AppDelegate.swift in Sources */,
				AA74A0F6274A6EDB00FA6678 /* NBDayButton.swift in Sources */,
				AA7E0A3826FB0A6100106DC2 /* SceneDelegate.swift in Sources */,
				AA74A0DC274962F400FA6678 /* ProfileTableViewCell.swift in Sources */,
				AABD838D27863887004E8BF8 /* UserDefaultKey.swift in Sources */,
				FCCE684B276C884A00E72F57 /* AlbumEmptyView.swift in Sources */,
				AA9591212744EDDC007772BD /* UICollectionView+Generic.swift in Sources */,
				AAE2FA7F27628A5E00FA2C5C /* UIViewController+ToastView.swift in Sources */,
				FCA92EE92731C9360070CA2A /* BottomCollectionViewCell.swift in Sources */,
				AABD837B2784CC75004E8BF8 /* AlbumRepository.swift in Sources */,
				AABEA2E7273C585C00A06A8C /* AlbumViewModel.swift in Sources */,
				AA73AFC027502BB200FD7C70 /* ProfileRequestModel.swift in Sources */,
				AAA9A5262757FEF400FE92DB /* CreateAlbumRequestModel.swift in Sources */,
				AA4EFD2127623F38005017FC /* SelectedView.swift in Sources */,
				AABD83792784CC54004E8BF8 /* PreferenceRepository.swift in Sources */,
				FC23AC12275A03A30067EEF7 /* AlbumAPI.swift in Sources */,
				AAE2FA7A2762895100FA2C5C /* BottomSheetView.swift in Sources */,
				FCCCB71E273BCCC300F57A5E /* TopCollectionViewCell.swift in Sources */,
				AA73AFAA274FBA0500FD7C70 /* ProfileUseCase.swift in Sources */,
				AA4EFD2727623F6F005017FC /* NBBasicButton.swift in Sources */,
				AAC7ACA32729DFC700B2BE1E /* BaseViewController.swift in Sources */,
				AA73665327485C3D002B726D /* String+2DigitFormat.swift in Sources */,
				AAE2FA962764041800FA2C5C /* LaunchScreenViewController.swift in Sources */,
				AA2F317E2759F7E800855861 /* NotificationViewModel.swift in Sources */,
			);
			runOnlyForDeploymentPostprocessing = 0;
		};
/* End PBXSourcesBuildPhase section */

/* Begin XCBuildConfiguration section */
		AA7E0A4726FB0A6200106DC2 /* Debug */ = {
			isa = XCBuildConfiguration;
			baseConfigurationReference = AAA9A4F62753A71F00FE92DB /* Config.xcconfig */;
			buildSettings = {
				ALWAYS_SEARCH_USER_PATHS = NO;
				CLANG_ANALYZER_NONNULL = YES;
				CLANG_ANALYZER_NUMBER_OBJECT_CONVERSION = YES_AGGRESSIVE;
				CLANG_CXX_LANGUAGE_STANDARD = "gnu++14";
				CLANG_CXX_LIBRARY = "libc++";
				CLANG_ENABLE_MODULES = YES;
				CLANG_ENABLE_OBJC_ARC = YES;
				CLANG_ENABLE_OBJC_WEAK = YES;
				CLANG_WARN_BLOCK_CAPTURE_AUTORELEASING = YES;
				CLANG_WARN_BOOL_CONVERSION = YES;
				CLANG_WARN_COMMA = YES;
				CLANG_WARN_CONSTANT_CONVERSION = YES;
				CLANG_WARN_DEPRECATED_OBJC_IMPLEMENTATIONS = YES;
				CLANG_WARN_DIRECT_OBJC_ISA_USAGE = YES_ERROR;
				CLANG_WARN_DOCUMENTATION_COMMENTS = YES;
				CLANG_WARN_EMPTY_BODY = YES;
				CLANG_WARN_ENUM_CONVERSION = YES;
				CLANG_WARN_INFINITE_RECURSION = YES;
				CLANG_WARN_INT_CONVERSION = YES;
				CLANG_WARN_NON_LITERAL_NULL_CONVERSION = YES;
				CLANG_WARN_OBJC_IMPLICIT_RETAIN_SELF = YES;
				CLANG_WARN_OBJC_LITERAL_CONVERSION = YES;
				CLANG_WARN_OBJC_ROOT_CLASS = YES_ERROR;
				CLANG_WARN_QUOTED_INCLUDE_IN_FRAMEWORK_HEADER = YES;
				CLANG_WARN_RANGE_LOOP_ANALYSIS = YES;
				CLANG_WARN_STRICT_PROTOTYPES = YES;
				CLANG_WARN_SUSPICIOUS_MOVE = YES;
				CLANG_WARN_UNGUARDED_AVAILABILITY = YES_AGGRESSIVE;
				CLANG_WARN_UNREACHABLE_CODE = YES;
				CLANG_WARN__DUPLICATE_METHOD_MATCH = YES;
				COPY_PHASE_STRIP = NO;
				DEBUG_INFORMATION_FORMAT = dwarf;
				ENABLE_STRICT_OBJC_MSGSEND = YES;
				ENABLE_TESTABILITY = YES;
				ENABLE_TESTING_SEARCH_PATHS = NO;
				GCC_C_LANGUAGE_STANDARD = gnu11;
				GCC_DYNAMIC_NO_PIC = NO;
				GCC_NO_COMMON_BLOCKS = YES;
				GCC_OPTIMIZATION_LEVEL = 0;
				GCC_PREPROCESSOR_DEFINITIONS = (
					"DEBUG=1",
					"$(inherited)",
				);
				GCC_WARN_64_TO_32_BIT_CONVERSION = YES;
				GCC_WARN_ABOUT_RETURN_TYPE = YES_ERROR;
				GCC_WARN_UNDECLARED_SELECTOR = YES;
				GCC_WARN_UNINITIALIZED_AUTOS = YES_AGGRESSIVE;
				GCC_WARN_UNUSED_FUNCTION = YES;
				GCC_WARN_UNUSED_VARIABLE = YES;
				IPHONEOS_DEPLOYMENT_TARGET = 14.5;
				MTL_ENABLE_DEBUG_INFO = INCLUDE_SOURCE;
				MTL_FAST_MATH = YES;
				ONLY_ACTIVE_ARCH = YES;
				SDKROOT = iphoneos;
				SWIFT_ACTIVE_COMPILATION_CONDITIONS = DEBUG;
				SWIFT_OPTIMIZATION_LEVEL = "-Onone";
			};
			name = Debug;
		};
		AA7E0A4826FB0A6200106DC2 /* Release */ = {
			isa = XCBuildConfiguration;
			buildSettings = {
				ALWAYS_SEARCH_USER_PATHS = NO;
				CLANG_ANALYZER_NONNULL = YES;
				CLANG_ANALYZER_NUMBER_OBJECT_CONVERSION = YES_AGGRESSIVE;
				CLANG_CXX_LANGUAGE_STANDARD = "gnu++14";
				CLANG_CXX_LIBRARY = "libc++";
				CLANG_ENABLE_MODULES = YES;
				CLANG_ENABLE_OBJC_ARC = YES;
				CLANG_ENABLE_OBJC_WEAK = YES;
				CLANG_WARN_BLOCK_CAPTURE_AUTORELEASING = YES;
				CLANG_WARN_BOOL_CONVERSION = YES;
				CLANG_WARN_COMMA = YES;
				CLANG_WARN_CONSTANT_CONVERSION = YES;
				CLANG_WARN_DEPRECATED_OBJC_IMPLEMENTATIONS = YES;
				CLANG_WARN_DIRECT_OBJC_ISA_USAGE = YES_ERROR;
				CLANG_WARN_DOCUMENTATION_COMMENTS = YES;
				CLANG_WARN_EMPTY_BODY = YES;
				CLANG_WARN_ENUM_CONVERSION = YES;
				CLANG_WARN_INFINITE_RECURSION = YES;
				CLANG_WARN_INT_CONVERSION = YES;
				CLANG_WARN_NON_LITERAL_NULL_CONVERSION = YES;
				CLANG_WARN_OBJC_IMPLICIT_RETAIN_SELF = YES;
				CLANG_WARN_OBJC_LITERAL_CONVERSION = YES;
				CLANG_WARN_OBJC_ROOT_CLASS = YES_ERROR;
				CLANG_WARN_QUOTED_INCLUDE_IN_FRAMEWORK_HEADER = YES;
				CLANG_WARN_RANGE_LOOP_ANALYSIS = YES;
				CLANG_WARN_STRICT_PROTOTYPES = YES;
				CLANG_WARN_SUSPICIOUS_MOVE = YES;
				CLANG_WARN_UNGUARDED_AVAILABILITY = YES_AGGRESSIVE;
				CLANG_WARN_UNREACHABLE_CODE = YES;
				CLANG_WARN__DUPLICATE_METHOD_MATCH = YES;
				COPY_PHASE_STRIP = NO;
				DEBUG_INFORMATION_FORMAT = "dwarf-with-dsym";
				ENABLE_NS_ASSERTIONS = NO;
				ENABLE_STRICT_OBJC_MSGSEND = YES;
				ENABLE_TESTING_SEARCH_PATHS = NO;
				GCC_C_LANGUAGE_STANDARD = gnu11;
				GCC_NO_COMMON_BLOCKS = YES;
				GCC_WARN_64_TO_32_BIT_CONVERSION = YES;
				GCC_WARN_ABOUT_RETURN_TYPE = YES_ERROR;
				GCC_WARN_UNDECLARED_SELECTOR = YES;
				GCC_WARN_UNINITIALIZED_AUTOS = YES_AGGRESSIVE;
				GCC_WARN_UNUSED_FUNCTION = YES;
				GCC_WARN_UNUSED_VARIABLE = YES;
				IPHONEOS_DEPLOYMENT_TARGET = 14.5;
				MTL_ENABLE_DEBUG_INFO = NO;
				MTL_FAST_MATH = YES;
				SDKROOT = iphoneos;
				SWIFT_COMPILATION_MODE = wholemodule;
				SWIFT_OPTIMIZATION_LEVEL = "-O";
				VALIDATE_PRODUCT = YES;
			};
			name = Release;
		};
		AA7E0A4A26FB0A6200106DC2 /* Debug */ = {
			isa = XCBuildConfiguration;
			buildSettings = {
				ASSETCATALOG_COMPILER_APPICON_NAME = AppIcon;
				ASSETCATALOG_COMPILER_GLOBAL_ACCENT_COLOR_NAME = AccentColor;
				CODE_SIGN_ENTITLEMENTS = Noonbody/Noonbody.entitlements;
				CODE_SIGN_STYLE = Automatic;
				CURRENT_PROJECT_VERSION = 10;
				DEVELOPMENT_TEAM = 22PTX8V7Q5;
				INFOPLIST_FILE = Noonbody/Resource/Support/Info.plist;
				IPHONEOS_DEPLOYMENT_TARGET = 14.3;
				LD_RUNPATH_SEARCH_PATHS = (
					"$(inherited)",
					"@executable_path/Frameworks",
				);
				PRODUCT_BUNDLE_IDENTIFIER = com.noonbody.me;
				PRODUCT_NAME = "$(TARGET_NAME)";
				SWIFT_VERSION = 5.0;
				TARGETED_DEVICE_FAMILY = 1;
			};
			name = Debug;
		};
		AA7E0A4B26FB0A6200106DC2 /* Release */ = {
			isa = XCBuildConfiguration;
			baseConfigurationReference = AAA9A4F62753A71F00FE92DB /* Config.xcconfig */;
			buildSettings = {
				ASSETCATALOG_COMPILER_APPICON_NAME = AppIcon;
				ASSETCATALOG_COMPILER_GLOBAL_ACCENT_COLOR_NAME = AccentColor;
				CODE_SIGN_ENTITLEMENTS = Noonbody/Noonbody.entitlements;
				CODE_SIGN_STYLE = Automatic;
				CURRENT_PROJECT_VERSION = 10;
				DEVELOPMENT_TEAM = 22PTX8V7Q5;
				INFOPLIST_FILE = Noonbody/Resource/Support/Info.plist;
				IPHONEOS_DEPLOYMENT_TARGET = 14.3;
				LD_RUNPATH_SEARCH_PATHS = (
					"$(inherited)",
					"@executable_path/Frameworks",
				);
				PRODUCT_BUNDLE_IDENTIFIER = com.noonbody.me;
				PRODUCT_NAME = "$(TARGET_NAME)";
				SWIFT_VERSION = 5.0;
				TARGETED_DEVICE_FAMILY = 1;
			};
			name = Release;
		};
/* End XCBuildConfiguration section */

/* Begin XCConfigurationList section */
		AA7E0A2D26FB0A6100106DC2 /* Build configuration list for PBXProject "Noonbody" */ = {
			isa = XCConfigurationList;
			buildConfigurations = (
				AA7E0A4726FB0A6200106DC2 /* Debug */,
				AA7E0A4826FB0A6200106DC2 /* Release */,
			);
			defaultConfigurationIsVisible = 0;
			defaultConfigurationName = Release;
		};
		AA7E0A4926FB0A6200106DC2 /* Build configuration list for PBXNativeTarget "Noonbody" */ = {
			isa = XCConfigurationList;
			buildConfigurations = (
				AA7E0A4A26FB0A6200106DC2 /* Debug */,
				AA7E0A4B26FB0A6200106DC2 /* Release */,
			);
			defaultConfigurationIsVisible = 0;
			defaultConfigurationName = Release;
		};
/* End XCConfigurationList section */

/* Begin XCRemoteSwiftPackageReference section */
		AA73AFBB274FF9A000FD7C70 /* XCRemoteSwiftPackageReference "Moya" */ = {
			isa = XCRemoteSwiftPackageReference;
			repositoryURL = "https://github.com/Moya/Moya";
			requirement = {
				branch = master;
				kind = branch;
			};
		};
		AA74A0F9274AD5F100FA6678 /* XCRemoteSwiftPackageReference "Kingfisher" */ = {
			isa = XCRemoteSwiftPackageReference;
			repositoryURL = "https://github.com/onevcat/Kingfisher";
			requirement = {
				kind = upToNextMajorVersion;
				minimumVersion = 7.0.0;
			};
		};
		AA7E0A8626FB126C00106DC2 /* XCRemoteSwiftPackageReference "SnapKit" */ = {
			isa = XCRemoteSwiftPackageReference;
			repositoryURL = "https://github.com/SnapKit/SnapKit";
			requirement = {
				kind = upToNextMajorVersion;
				minimumVersion = 5.0.1;
			};
		};
		AA7E0A8926FB128100106DC2 /* XCRemoteSwiftPackageReference "Then" */ = {
			isa = XCRemoteSwiftPackageReference;
			repositoryURL = "https://github.com/devxoul/Then";
			requirement = {
				kind = upToNextMajorVersion;
				minimumVersion = 2.7.0;
			};
		};
		AA7E0A8C26FB12B100106DC2 /* XCRemoteSwiftPackageReference "RxSwift" */ = {
			isa = XCRemoteSwiftPackageReference;
			repositoryURL = "https://github.com/ReactiveX/RxSwift";
			requirement = {
				kind = upToNextMajorVersion;
				minimumVersion = 6.2.0;
			};
		};
		AAC7ACE3272DC28100B2BE1E /* XCRemoteSwiftPackageReference "RxGesture" */ = {
			isa = XCRemoteSwiftPackageReference;
			repositoryURL = "https://github.com/RxSwiftCommunity/RxGesture.git";
			requirement = {
				kind = upToNextMajorVersion;
				minimumVersion = 4.0.2;
			};
		};
		AAE2FA842763F51300FA2C5C /* XCRemoteSwiftPackageReference "firebase-ios-sdk" */ = {
			isa = XCRemoteSwiftPackageReference;
			repositoryURL = "https://github.com/firebase/firebase-ios-sdk";
			requirement = {
				kind = upToNextMajorVersion;
				minimumVersion = 8.0.0;
			};
		};
/* End XCRemoteSwiftPackageReference section */

/* Begin XCSwiftPackageProductDependency section */
		AA73AFBC274FF9A000FD7C70 /* Moya */ = {
			isa = XCSwiftPackageProductDependency;
			package = AA73AFBB274FF9A000FD7C70 /* XCRemoteSwiftPackageReference "Moya" */;
			productName = Moya;
		};
		AA74A0FA274AD5F100FA6678 /* Kingfisher */ = {
			isa = XCSwiftPackageProductDependency;
			package = AA74A0F9274AD5F100FA6678 /* XCRemoteSwiftPackageReference "Kingfisher" */;
			productName = Kingfisher;
		};
		AA7E0A8726FB126C00106DC2 /* SnapKit */ = {
			isa = XCSwiftPackageProductDependency;
			package = AA7E0A8626FB126C00106DC2 /* XCRemoteSwiftPackageReference "SnapKit" */;
			productName = SnapKit;
		};
		AA7E0A8A26FB128100106DC2 /* Then */ = {
			isa = XCSwiftPackageProductDependency;
			package = AA7E0A8926FB128100106DC2 /* XCRemoteSwiftPackageReference "Then" */;
			productName = Then;
		};
		AA7E0A8D26FB12B100106DC2 /* RxCocoa */ = {
			isa = XCSwiftPackageProductDependency;
			package = AA7E0A8C26FB12B100106DC2 /* XCRemoteSwiftPackageReference "RxSwift" */;
			productName = RxCocoa;
		};
		AA7E0A8F26FB12B100106DC2 /* RxSwift */ = {
			isa = XCSwiftPackageProductDependency;
			package = AA7E0A8C26FB12B100106DC2 /* XCRemoteSwiftPackageReference "RxSwift" */;
			productName = RxSwift;
		};
		AAC7ACE4272DC28100B2BE1E /* RxGesture */ = {
			isa = XCSwiftPackageProductDependency;
			package = AAC7ACE3272DC28100B2BE1E /* XCRemoteSwiftPackageReference "RxGesture" */;
			productName = RxGesture;
		};
		AAE2FA852763F51300FA2C5C /* FirebaseAnalytics */ = {
			isa = XCSwiftPackageProductDependency;
			package = AAE2FA842763F51300FA2C5C /* XCRemoteSwiftPackageReference "firebase-ios-sdk" */;
			productName = FirebaseAnalytics;
		};
		AAE2FA872763F51300FA2C5C /* FirebaseMessaging */ = {
			isa = XCSwiftPackageProductDependency;
			package = AAE2FA842763F51300FA2C5C /* XCRemoteSwiftPackageReference "firebase-ios-sdk" */;
			productName = FirebaseMessaging;
		};
/* End XCSwiftPackageProductDependency section */

/* Begin XCVersionGroup section */
		AA7E0A3E26FB0A6100106DC2 /* Noonbody.xcdatamodeld */ = {
			isa = XCVersionGroup;
			children = (
				AA7E0A3F26FB0A6100106DC2 /* everyBody_iOS.xcdatamodel */,
			);
			currentVersion = AA7E0A3F26FB0A6100106DC2 /* everyBody_iOS.xcdatamodel */;
			path = Noonbody.xcdatamodeld;
			sourceTree = "<group>";
			versionGroupType = wrapper.xcdatamodel;
		};
/* End XCVersionGroup section */
	};
	rootObject = AA7E0A2A26FB0A6100106DC2 /* Project object */;
}
